// !$*UTF8*$!
{
	archiveVersion = 1;
	classes = {
	};
	objectVersion = 46;
	objects = {

/* Begin PBXBuildFile section */
		D52D5CA418FE34C700B8C6B8 /* Foundation.framework in Frameworks */ = {isa = PBXBuildFile; fileRef = D52D5CA318FE34C700B8C6B8 /* Foundation.framework */; };
		D52D5CA618FE34C700B8C6B8 /* CoreGraphics.framework in Frameworks */ = {isa = PBXBuildFile; fileRef = D52D5CA518FE34C700B8C6B8 /* CoreGraphics.framework */; };
		D52D5CA818FE34C700B8C6B8 /* UIKit.framework in Frameworks */ = {isa = PBXBuildFile; fileRef = D52D5CA718FE34C700B8C6B8 /* UIKit.framework */; };
		D52D5CAE18FE34C700B8C6B8 /* InfoPlist.strings in Resources */ = {isa = PBXBuildFile; fileRef = D52D5CAC18FE34C700B8C6B8 /* InfoPlist.strings */; };
		D52D5CB018FE34C700B8C6B8 /* main.m in Sources */ = {isa = PBXBuildFile; fileRef = D52D5CAF18FE34C700B8C6B8 /* main.m */; };
		D52D5CB418FE34C700B8C6B8 /* AppDelegate.m in Sources */ = {isa = PBXBuildFile; fileRef = D52D5CB318FE34C700B8C6B8 /* AppDelegate.m */; };
		D52D5CB718FE34C700B8C6B8 /* Main.storyboard in Resources */ = {isa = PBXBuildFile; fileRef = D52D5CB518FE34C700B8C6B8 /* Main.storyboard */; };
		D52D5CBA18FE34C700B8C6B8 /* ViewController.m in Sources */ = {isa = PBXBuildFile; fileRef = D52D5CB918FE34C700B8C6B8 /* ViewController.m */; };
		D52D5CBC18FE34C700B8C6B8 /* Images.xcassets in Resources */ = {isa = PBXBuildFile; fileRef = D52D5CBB18FE34C700B8C6B8 /* Images.xcassets */; };
		D52D5CC318FE34C700B8C6B8 /* XCTest.framework in Frameworks */ = {isa = PBXBuildFile; fileRef = D52D5CC218FE34C700B8C6B8 /* XCTest.framework */; };
		D52D5CC418FE34C700B8C6B8 /* Foundation.framework in Frameworks */ = {isa = PBXBuildFile; fileRef = D52D5CA318FE34C700B8C6B8 /* Foundation.framework */; };
		D52D5CC518FE34C700B8C6B8 /* UIKit.framework in Frameworks */ = {isa = PBXBuildFile; fileRef = D52D5CA718FE34C700B8C6B8 /* UIKit.framework */; };
		D52D5CCD18FE34C700B8C6B8 /* InfoPlist.strings in Resources */ = {isa = PBXBuildFile; fileRef = D52D5CCB18FE34C700B8C6B8 /* InfoPlist.strings */; };
		D52D5CCF18FE34C700B8C6B8 /* YLSYTests.m in Sources */ = {isa = PBXBuildFile; fileRef = D52D5CCE18FE34C700B8C6B8 /* YLSYTests.m */; };
		D52D5CF118FE5AA100B8C6B8 /* AFHTTPRequestOperation.m in Sources */ = {isa = PBXBuildFile; fileRef = D52D5CDF18FE5AA100B8C6B8 /* AFHTTPRequestOperation.m */; };
		D52D5CF218FE5AA100B8C6B8 /* AFHTTPRequestOperationManager.m in Sources */ = {isa = PBXBuildFile; fileRef = D52D5CE118FE5AA100B8C6B8 /* AFHTTPRequestOperationManager.m */; };
		D52D5CF318FE5AA100B8C6B8 /* AFHTTPSessionManager.m in Sources */ = {isa = PBXBuildFile; fileRef = D52D5CE318FE5AA100B8C6B8 /* AFHTTPSessionManager.m */; };
		D52D5CF418FE5AA100B8C6B8 /* AFNetworkReachabilityManager.m in Sources */ = {isa = PBXBuildFile; fileRef = D52D5CE618FE5AA100B8C6B8 /* AFNetworkReachabilityManager.m */; };
		D52D5CF518FE5AA100B8C6B8 /* AFSecurityPolicy.m in Sources */ = {isa = PBXBuildFile; fileRef = D52D5CE818FE5AA100B8C6B8 /* AFSecurityPolicy.m */; };
		D52D5CF618FE5AA100B8C6B8 /* AFURLConnectionOperation.m in Sources */ = {isa = PBXBuildFile; fileRef = D52D5CEA18FE5AA100B8C6B8 /* AFURLConnectionOperation.m */; };
		D52D5CF718FE5AA100B8C6B8 /* AFURLRequestSerialization.m in Sources */ = {isa = PBXBuildFile; fileRef = D52D5CEC18FE5AA100B8C6B8 /* AFURLRequestSerialization.m */; };
		D52D5CF818FE5AA100B8C6B8 /* AFURLResponseSerialization.m in Sources */ = {isa = PBXBuildFile; fileRef = D52D5CEE18FE5AA100B8C6B8 /* AFURLResponseSerialization.m */; };
		D52D5CF918FE5AA100B8C6B8 /* AFURLSessionManager.m in Sources */ = {isa = PBXBuildFile; fileRef = D52D5CF018FE5AA100B8C6B8 /* AFURLSessionManager.m */; };
		D52D5D0118FE5E8D00B8C6B8 /* libGoogleAnalyticsServices.a in Frameworks */ = {isa = PBXBuildFile; fileRef = D52D5D0018FE5E8D00B8C6B8 /* libGoogleAnalyticsServices.a */; };
		D52D5D0318FE5EB800B8C6B8 /* AdSupport.framework in Frameworks */ = {isa = PBXBuildFile; fileRef = D52D5D0218FE5EB800B8C6B8 /* AdSupport.framework */; };
		D52D5D0518FE5ED700B8C6B8 /* libz.dylib in Frameworks */ = {isa = PBXBuildFile; fileRef = D52D5D0418FE5ED700B8C6B8 /* libz.dylib */; };
		D52D5D0718FE5EF100B8C6B8 /* SystemConfiguration.framework in Frameworks */ = {isa = PBXBuildFile; fileRef = D52D5D0618FE5EF100B8C6B8 /* SystemConfiguration.framework */; };
		D52D5D0918FE5EFC00B8C6B8 /* CoreData.framework in Frameworks */ = {isa = PBXBuildFile; fileRef = D52D5D0818FE5EFC00B8C6B8 /* CoreData.framework */; };
		D52D5D1518FE615300B8C6B8 /* FMDatabase.m in Sources */ = {isa = PBXBuildFile; fileRef = D52D5D0B18FE615300B8C6B8 /* FMDatabase.m */; };
		D52D5D1618FE615300B8C6B8 /* FMDatabaseAdditions.m in Sources */ = {isa = PBXBuildFile; fileRef = D52D5D0D18FE615300B8C6B8 /* FMDatabaseAdditions.m */; };
		D52D5D1718FE615300B8C6B8 /* FMDatabasePool.m in Sources */ = {isa = PBXBuildFile; fileRef = D52D5D0F18FE615300B8C6B8 /* FMDatabasePool.m */; };
		D52D5D1818FE615300B8C6B8 /* FMDatabaseQueue.m in Sources */ = {isa = PBXBuildFile; fileRef = D52D5D1118FE615300B8C6B8 /* FMDatabaseQueue.m */; };
		D52D5D1918FE615300B8C6B8 /* FMResultSet.m in Sources */ = {isa = PBXBuildFile; fileRef = D52D5D1418FE615300B8C6B8 /* FMResultSet.m */; };
		D52D5D2D18FE62B300B8C6B8 /* ChangeLogUnzip in Resources */ = {isa = PBXBuildFile; fileRef = D52D5D1B18FE62B300B8C6B8 /* ChangeLogUnzip */; };
		D52D5D2E18FE62B300B8C6B8 /* Makefile in Sources */ = {isa = PBXBuildFile; fileRef = D52D5D1C18FE62B300B8C6B8 /* Makefile */; };
		D52D5D2F18FE62B300B8C6B8 /* MiniZip64_Changes.txt in Resources */ = {isa = PBXBuildFile; fileRef = D52D5D1D18FE62B300B8C6B8 /* MiniZip64_Changes.txt */; };
		D52D5D3018FE62B300B8C6B8 /* MiniZip64_info.txt in Resources */ = {isa = PBXBuildFile; fileRef = D52D5D1E18FE62B300B8C6B8 /* MiniZip64_info.txt */; };
		D52D5D3118FE62B300B8C6B8 /* ioapi.c in Sources */ = {isa = PBXBuildFile; fileRef = D52D5D2018FE62B300B8C6B8 /* ioapi.c */; };
		D52D5D3218FE62B300B8C6B8 /* make_vms.com in Resources */ = {isa = PBXBuildFile; fileRef = D52D5D2218FE62B300B8C6B8 /* make_vms.com */; };
		D52D5D3318FE62B300B8C6B8 /* miniunz.c in Sources */ = {isa = PBXBuildFile; fileRef = D52D5D2318FE62B300B8C6B8 /* miniunz.c */; };
		D52D5D3418FE62B300B8C6B8 /* minizip.c in Sources */ = {isa = PBXBuildFile; fileRef = D52D5D2418FE62B300B8C6B8 /* minizip.c */; };
		D52D5D3518FE62B300B8C6B8 /* mztools.c in Sources */ = {isa = PBXBuildFile; fileRef = D52D5D2518FE62B300B8C6B8 /* mztools.c */; };
		D52D5D3618FE62B300B8C6B8 /* unzip.c in Sources */ = {isa = PBXBuildFile; fileRef = D52D5D2718FE62B300B8C6B8 /* unzip.c */; };
		D52D5D3718FE62B300B8C6B8 /* zip.c in Sources */ = {isa = PBXBuildFile; fileRef = D52D5D2918FE62B300B8C6B8 /* zip.c */; };
		D52D5D3818FE62B300B8C6B8 /* ZipArchive.m in Sources */ = {isa = PBXBuildFile; fileRef = D52D5D2C18FE62B300B8C6B8 /* ZipArchive.m */; };
		D52D5D7B18FE64E700B8C6B8 /* JSONModel+CoreData.m in Sources */ = {isa = PBXBuildFile; fileRef = D52D5D6218FE64E700B8C6B8 /* JSONModel+CoreData.m */; };
		D52D5D7C18FE64E700B8C6B8 /* JSONModel.m in Sources */ = {isa = PBXBuildFile; fileRef = D52D5D6418FE64E700B8C6B8 /* JSONModel.m */; };
		D52D5D7D18FE64E700B8C6B8 /* JSONModelArray.m in Sources */ = {isa = PBXBuildFile; fileRef = D52D5D6618FE64E700B8C6B8 /* JSONModelArray.m */; };
		D52D5D7E18FE64E700B8C6B8 /* JSONModelClassProperty.m in Sources */ = {isa = PBXBuildFile; fileRef = D52D5D6818FE64E700B8C6B8 /* JSONModelClassProperty.m */; };
		D52D5D7F18FE64E700B8C6B8 /* JSONModelError.m in Sources */ = {isa = PBXBuildFile; fileRef = D52D5D6A18FE64E700B8C6B8 /* JSONModelError.m */; };
		D52D5D8018FE64E700B8C6B8 /* NSArray+JSONModel.m in Sources */ = {isa = PBXBuildFile; fileRef = D52D5D6D18FE64E700B8C6B8 /* NSArray+JSONModel.m */; };
		D52D5D8118FE64E700B8C6B8 /* JSONAPI.m in Sources */ = {isa = PBXBuildFile; fileRef = D52D5D7118FE64E700B8C6B8 /* JSONAPI.m */; };
		D52D5D8218FE64E700B8C6B8 /* JSONHTTPClient.m in Sources */ = {isa = PBXBuildFile; fileRef = D52D5D7318FE64E700B8C6B8 /* JSONHTTPClient.m */; };
		D52D5D8318FE64E700B8C6B8 /* JSONModel+networking.m in Sources */ = {isa = PBXBuildFile; fileRef = D52D5D7518FE64E700B8C6B8 /* JSONModel+networking.m */; };
		D52D5D8418FE64E700B8C6B8 /* JSONKeyMapper.m in Sources */ = {isa = PBXBuildFile; fileRef = D52D5D7818FE64E700B8C6B8 /* JSONKeyMapper.m */; };
		D52D5D8518FE64E700B8C6B8 /* JSONValueTransformer.m in Sources */ = {isa = PBXBuildFile; fileRef = D52D5D7A18FE64E700B8C6B8 /* JSONValueTransformer.m */; };
/* End PBXBuildFile section */

/* Begin PBXContainerItemProxy section */
		D52D5CC618FE34C700B8C6B8 /* PBXContainerItemProxy */ = {
			isa = PBXContainerItemProxy;
			containerPortal = D52D5C9818FE34C700B8C6B8 /* Project object */;
			proxyType = 1;
			remoteGlobalIDString = D52D5C9F18FE34C700B8C6B8;
			remoteInfo = YLSY;
		};
/* End PBXContainerItemProxy section */

/* Begin PBXFileReference section */
		D52D5CA018FE34C700B8C6B8 /* YLSY.app */ = {isa = PBXFileReference; explicitFileType = wrapper.application; includeInIndex = 0; path = YLSY.app; sourceTree = BUILT_PRODUCTS_DIR; };
		D52D5CA318FE34C700B8C6B8 /* Foundation.framework */ = {isa = PBXFileReference; lastKnownFileType = wrapper.framework; name = Foundation.framework; path = System/Library/Frameworks/Foundation.framework; sourceTree = SDKROOT; };
		D52D5CA518FE34C700B8C6B8 /* CoreGraphics.framework */ = {isa = PBXFileReference; lastKnownFileType = wrapper.framework; name = CoreGraphics.framework; path = System/Library/Frameworks/CoreGraphics.framework; sourceTree = SDKROOT; };
		D52D5CA718FE34C700B8C6B8 /* UIKit.framework */ = {isa = PBXFileReference; lastKnownFileType = wrapper.framework; name = UIKit.framework; path = System/Library/Frameworks/UIKit.framework; sourceTree = SDKROOT; };
		D52D5CAB18FE34C700B8C6B8 /* YLSY-Info.plist */ = {isa = PBXFileReference; lastKnownFileType = text.plist.xml; path = "YLSY-Info.plist"; sourceTree = "<group>"; };
		D52D5CAD18FE34C700B8C6B8 /* en */ = {isa = PBXFileReference; lastKnownFileType = text.plist.strings; name = en; path = en.lproj/InfoPlist.strings; sourceTree = "<group>"; };
		D52D5CAF18FE34C700B8C6B8 /* main.m */ = {isa = PBXFileReference; lastKnownFileType = sourcecode.c.objc; path = main.m; sourceTree = "<group>"; };
		D52D5CB118FE34C700B8C6B8 /* YLSY-Prefix.pch */ = {isa = PBXFileReference; lastKnownFileType = sourcecode.c.h; path = "YLSY-Prefix.pch"; sourceTree = "<group>"; };
		D52D5CB218FE34C700B8C6B8 /* AppDelegate.h */ = {isa = PBXFileReference; lastKnownFileType = sourcecode.c.h; path = AppDelegate.h; sourceTree = "<group>"; };
		D52D5CB318FE34C700B8C6B8 /* AppDelegate.m */ = {isa = PBXFileReference; lastKnownFileType = sourcecode.c.objc; path = AppDelegate.m; sourceTree = "<group>"; };
		D52D5CB618FE34C700B8C6B8 /* Base */ = {isa = PBXFileReference; lastKnownFileType = file.storyboard; name = Base; path = Base.lproj/Main.storyboard; sourceTree = "<group>"; };
		D52D5CB818FE34C700B8C6B8 /* ViewController.h */ = {isa = PBXFileReference; lastKnownFileType = sourcecode.c.h; path = ViewController.h; sourceTree = "<group>"; };
		D52D5CB918FE34C700B8C6B8 /* ViewController.m */ = {isa = PBXFileReference; lastKnownFileType = sourcecode.c.objc; path = ViewController.m; sourceTree = "<group>"; };
		D52D5CBB18FE34C700B8C6B8 /* Images.xcassets */ = {isa = PBXFileReference; lastKnownFileType = folder.assetcatalog; path = Images.xcassets; sourceTree = "<group>"; };
		D52D5CC118FE34C700B8C6B8 /* YLSYTests.xctest */ = {isa = PBXFileReference; explicitFileType = wrapper.cfbundle; includeInIndex = 0; path = YLSYTests.xctest; sourceTree = BUILT_PRODUCTS_DIR; };
		D52D5CC218FE34C700B8C6B8 /* XCTest.framework */ = {isa = PBXFileReference; lastKnownFileType = wrapper.framework; name = XCTest.framework; path = Library/Frameworks/XCTest.framework; sourceTree = DEVELOPER_DIR; };
		D52D5CCA18FE34C700B8C6B8 /* YLSYTests-Info.plist */ = {isa = PBXFileReference; lastKnownFileType = text.plist.xml; path = "YLSYTests-Info.plist"; sourceTree = "<group>"; };
		D52D5CCC18FE34C700B8C6B8 /* en */ = {isa = PBXFileReference; lastKnownFileType = text.plist.strings; name = en; path = en.lproj/InfoPlist.strings; sourceTree = "<group>"; };
		D52D5CCE18FE34C700B8C6B8 /* YLSYTests.m */ = {isa = PBXFileReference; lastKnownFileType = sourcecode.c.objc; path = YLSYTests.m; sourceTree = "<group>"; };
		D52D5CDE18FE5AA100B8C6B8 /* AFHTTPRequestOperation.h */ = {isa = PBXFileReference; fileEncoding = 4; lastKnownFileType = sourcecode.c.h; path = AFHTTPRequestOperation.h; sourceTree = "<group>"; };
		D52D5CDF18FE5AA100B8C6B8 /* AFHTTPRequestOperation.m */ = {isa = PBXFileReference; fileEncoding = 4; lastKnownFileType = sourcecode.c.objc; path = AFHTTPRequestOperation.m; sourceTree = "<group>"; };
		D52D5CE018FE5AA100B8C6B8 /* AFHTTPRequestOperationManager.h */ = {isa = PBXFileReference; fileEncoding = 4; lastKnownFileType = sourcecode.c.h; path = AFHTTPRequestOperationManager.h; sourceTree = "<group>"; };
		D52D5CE118FE5AA100B8C6B8 /* AFHTTPRequestOperationManager.m */ = {isa = PBXFileReference; fileEncoding = 4; lastKnownFileType = sourcecode.c.objc; path = AFHTTPRequestOperationManager.m; sourceTree = "<group>"; };
		D52D5CE218FE5AA100B8C6B8 /* AFHTTPSessionManager.h */ = {isa = PBXFileReference; fileEncoding = 4; lastKnownFileType = sourcecode.c.h; path = AFHTTPSessionManager.h; sourceTree = "<group>"; };
		D52D5CE318FE5AA100B8C6B8 /* AFHTTPSessionManager.m */ = {isa = PBXFileReference; fileEncoding = 4; lastKnownFileType = sourcecode.c.objc; path = AFHTTPSessionManager.m; sourceTree = "<group>"; };
		D52D5CE418FE5AA100B8C6B8 /* AFNetworking.h */ = {isa = PBXFileReference; fileEncoding = 4; lastKnownFileType = sourcecode.c.h; path = AFNetworking.h; sourceTree = "<group>"; };
		D52D5CE518FE5AA100B8C6B8 /* AFNetworkReachabilityManager.h */ = {isa = PBXFileReference; fileEncoding = 4; lastKnownFileType = sourcecode.c.h; path = AFNetworkReachabilityManager.h; sourceTree = "<group>"; };
		D52D5CE618FE5AA100B8C6B8 /* AFNetworkReachabilityManager.m */ = {isa = PBXFileReference; fileEncoding = 4; lastKnownFileType = sourcecode.c.objc; path = AFNetworkReachabilityManager.m; sourceTree = "<group>"; };
		D52D5CE718FE5AA100B8C6B8 /* AFSecurityPolicy.h */ = {isa = PBXFileReference; fileEncoding = 4; lastKnownFileType = sourcecode.c.h; path = AFSecurityPolicy.h; sourceTree = "<group>"; };
		D52D5CE818FE5AA100B8C6B8 /* AFSecurityPolicy.m */ = {isa = PBXFileReference; fileEncoding = 4; lastKnownFileType = sourcecode.c.objc; path = AFSecurityPolicy.m; sourceTree = "<group>"; };
		D52D5CE918FE5AA100B8C6B8 /* AFURLConnectionOperation.h */ = {isa = PBXFileReference; fileEncoding = 4; lastKnownFileType = sourcecode.c.h; path = AFURLConnectionOperation.h; sourceTree = "<group>"; };
		D52D5CEA18FE5AA100B8C6B8 /* AFURLConnectionOperation.m */ = {isa = PBXFileReference; fileEncoding = 4; lastKnownFileType = sourcecode.c.objc; path = AFURLConnectionOperation.m; sourceTree = "<group>"; };
		D52D5CEB18FE5AA100B8C6B8 /* AFURLRequestSerialization.h */ = {isa = PBXFileReference; fileEncoding = 4; lastKnownFileType = sourcecode.c.h; path = AFURLRequestSerialization.h; sourceTree = "<group>"; };
		D52D5CEC18FE5AA100B8C6B8 /* AFURLRequestSerialization.m */ = {isa = PBXFileReference; fileEncoding = 4; lastKnownFileType = sourcecode.c.objc; path = AFURLRequestSerialization.m; sourceTree = "<group>"; };
		D52D5CED18FE5AA100B8C6B8 /* AFURLResponseSerialization.h */ = {isa = PBXFileReference; fileEncoding = 4; lastKnownFileType = sourcecode.c.h; path = AFURLResponseSerialization.h; sourceTree = "<group>"; };
		D52D5CEE18FE5AA100B8C6B8 /* AFURLResponseSerialization.m */ = {isa = PBXFileReference; fileEncoding = 4; lastKnownFileType = sourcecode.c.objc; path = AFURLResponseSerialization.m; sourceTree = "<group>"; };
		D52D5CEF18FE5AA100B8C6B8 /* AFURLSessionManager.h */ = {isa = PBXFileReference; fileEncoding = 4; lastKnownFileType = sourcecode.c.h; path = AFURLSessionManager.h; sourceTree = "<group>"; };
		D52D5CF018FE5AA100B8C6B8 /* AFURLSessionManager.m */ = {isa = PBXFileReference; fileEncoding = 4; lastKnownFileType = sourcecode.c.objc; path = AFURLSessionManager.m; sourceTree = "<group>"; };
		D52D5CFA18FE5E4D00B8C6B8 /* GAI.h */ = {isa = PBXFileReference; fileEncoding = 4; lastKnownFileType = sourcecode.c.h; path = GAI.h; sourceTree = "<group>"; };
		D52D5CFB18FE5E4D00B8C6B8 /* GAIDictionaryBuilder.h */ = {isa = PBXFileReference; fileEncoding = 4; lastKnownFileType = sourcecode.c.h; path = GAIDictionaryBuilder.h; sourceTree = "<group>"; };
		D52D5CFC18FE5E4D00B8C6B8 /* GAIFields.h */ = {isa = PBXFileReference; fileEncoding = 4; lastKnownFileType = sourcecode.c.h; path = GAIFields.h; sourceTree = "<group>"; };
		D52D5CFD18FE5E4D00B8C6B8 /* GAILogger.h */ = {isa = PBXFileReference; fileEncoding = 4; lastKnownFileType = sourcecode.c.h; path = GAILogger.h; sourceTree = "<group>"; };
		D52D5CFE18FE5E4D00B8C6B8 /* GAITrackedViewController.h */ = {isa = PBXFileReference; fileEncoding = 4; lastKnownFileType = sourcecode.c.h; path = GAITrackedViewController.h; sourceTree = "<group>"; };
		D52D5CFF18FE5E4D00B8C6B8 /* GAITracker.h */ = {isa = PBXFileReference; fileEncoding = 4; lastKnownFileType = sourcecode.c.h; path = GAITracker.h; sourceTree = "<group>"; };
		D52D5D0018FE5E8D00B8C6B8 /* libGoogleAnalyticsServices.a */ = {isa = PBXFileReference; lastKnownFileType = archive.ar; name = libGoogleAnalyticsServices.a; path = "../../../../MAC_DATA/第三方组件/GoogleAnalyticsServicesiOS_3.06/libGoogleAnalyticsServices.a"; sourceTree = "<group>"; };
		D52D5D0218FE5EB800B8C6B8 /* AdSupport.framework */ = {isa = PBXFileReference; lastKnownFileType = wrapper.framework; name = AdSupport.framework; path = System/Library/Frameworks/AdSupport.framework; sourceTree = SDKROOT; };
		D52D5D0418FE5ED700B8C6B8 /* libz.dylib */ = {isa = PBXFileReference; lastKnownFileType = "compiled.mach-o.dylib"; name = libz.dylib; path = usr/lib/libz.dylib; sourceTree = SDKROOT; };
		D52D5D0618FE5EF100B8C6B8 /* SystemConfiguration.framework */ = {isa = PBXFileReference; lastKnownFileType = wrapper.framework; name = SystemConfiguration.framework; path = System/Library/Frameworks/SystemConfiguration.framework; sourceTree = SDKROOT; };
		D52D5D0818FE5EFC00B8C6B8 /* CoreData.framework */ = {isa = PBXFileReference; lastKnownFileType = wrapper.framework; name = CoreData.framework; path = System/Library/Frameworks/CoreData.framework; sourceTree = SDKROOT; };
		D52D5D0A18FE615300B8C6B8 /* FMDatabase.h */ = {isa = PBXFileReference; fileEncoding = 4; lastKnownFileType = sourcecode.c.h; path = FMDatabase.h; sourceTree = "<group>"; };
		D52D5D0B18FE615300B8C6B8 /* FMDatabase.m */ = {isa = PBXFileReference; fileEncoding = 4; lastKnownFileType = sourcecode.c.objc; path = FMDatabase.m; sourceTree = "<group>"; };
		D52D5D0C18FE615300B8C6B8 /* FMDatabaseAdditions.h */ = {isa = PBXFileReference; fileEncoding = 4; lastKnownFileType = sourcecode.c.h; path = FMDatabaseAdditions.h; sourceTree = "<group>"; };
		D52D5D0D18FE615300B8C6B8 /* FMDatabaseAdditions.m */ = {isa = PBXFileReference; fileEncoding = 4; lastKnownFileType = sourcecode.c.objc; path = FMDatabaseAdditions.m; sourceTree = "<group>"; };
		D52D5D0E18FE615300B8C6B8 /* FMDatabasePool.h */ = {isa = PBXFileReference; fileEncoding = 4; lastKnownFileType = sourcecode.c.h; path = FMDatabasePool.h; sourceTree = "<group>"; };
		D52D5D0F18FE615300B8C6B8 /* FMDatabasePool.m */ = {isa = PBXFileReference; fileEncoding = 4; lastKnownFileType = sourcecode.c.objc; path = FMDatabasePool.m; sourceTree = "<group>"; };
		D52D5D1018FE615300B8C6B8 /* FMDatabaseQueue.h */ = {isa = PBXFileReference; fileEncoding = 4; lastKnownFileType = sourcecode.c.h; path = FMDatabaseQueue.h; sourceTree = "<group>"; };
		D52D5D1118FE615300B8C6B8 /* FMDatabaseQueue.m */ = {isa = PBXFileReference; fileEncoding = 4; lastKnownFileType = sourcecode.c.objc; path = FMDatabaseQueue.m; sourceTree = "<group>"; };
		D52D5D1218FE615300B8C6B8 /* FMDB.h */ = {isa = PBXFileReference; fileEncoding = 4; lastKnownFileType = sourcecode.c.h; path = FMDB.h; sourceTree = "<group>"; };
		D52D5D1318FE615300B8C6B8 /* FMResultSet.h */ = {isa = PBXFileReference; fileEncoding = 4; lastKnownFileType = sourcecode.c.h; path = FMResultSet.h; sourceTree = "<group>"; };
		D52D5D1418FE615300B8C6B8 /* FMResultSet.m */ = {isa = PBXFileReference; fileEncoding = 4; lastKnownFileType = sourcecode.c.objc; path = FMResultSet.m; sourceTree = "<group>"; };
		D52D5D1B18FE62B300B8C6B8 /* ChangeLogUnzip */ = {isa = PBXFileReference; fileEncoding = 4; lastKnownFileType = text; path = ChangeLogUnzip; sourceTree = "<group>"; };
		D52D5D1C18FE62B300B8C6B8 /* Makefile */ = {isa = PBXFileReference; fileEncoding = 4; lastKnownFileType = sourcecode.make; path = Makefile; sourceTree = "<group>"; };
		D52D5D1D18FE62B300B8C6B8 /* MiniZip64_Changes.txt */ = {isa = PBXFileReference; fileEncoding = 4; lastKnownFileType = text; path = MiniZip64_Changes.txt; sourceTree = "<group>"; };
		D52D5D1E18FE62B300B8C6B8 /* MiniZip64_info.txt */ = {isa = PBXFileReference; fileEncoding = 4; lastKnownFileType = text; path = MiniZip64_info.txt; sourceTree = "<group>"; };
		D52D5D1F18FE62B300B8C6B8 /* crypt.h */ = {isa = PBXFileReference; fileEncoding = 4; lastKnownFileType = sourcecode.c.h; path = crypt.h; sourceTree = "<group>"; };
		D52D5D2018FE62B300B8C6B8 /* ioapi.c */ = {isa = PBXFileReference; fileEncoding = 4; lastKnownFileType = sourcecode.c.c; path = ioapi.c; sourceTree = "<group>"; };
		D52D5D2118FE62B300B8C6B8 /* ioapi.h */ = {isa = PBXFileReference; fileEncoding = 4; lastKnownFileType = sourcecode.c.h; path = ioapi.h; sourceTree = "<group>"; };
		D52D5D2218FE62B300B8C6B8 /* make_vms.com */ = {isa = PBXFileReference; fileEncoding = 4; lastKnownFileType = text; path = make_vms.com; sourceTree = "<group>"; };
		D52D5D2318FE62B300B8C6B8 /* miniunz.c */ = {isa = PBXFileReference; fileEncoding = 4; lastKnownFileType = sourcecode.c.c; path = miniunz.c; sourceTree = "<group>"; };
		D52D5D2418FE62B300B8C6B8 /* minizip.c */ = {isa = PBXFileReference; fileEncoding = 4; lastKnownFileType = sourcecode.c.c; path = minizip.c; sourceTree = "<group>"; };
		D52D5D2518FE62B300B8C6B8 /* mztools.c */ = {isa = PBXFileReference; fileEncoding = 4; lastKnownFileType = sourcecode.c.c; path = mztools.c; sourceTree = "<group>"; };
		D52D5D2618FE62B300B8C6B8 /* mztools.h */ = {isa = PBXFileReference; fileEncoding = 4; lastKnownFileType = sourcecode.c.h; path = mztools.h; sourceTree = "<group>"; };
		D52D5D2718FE62B300B8C6B8 /* unzip.c */ = {isa = PBXFileReference; fileEncoding = 4; lastKnownFileType = sourcecode.c.c; path = unzip.c; sourceTree = "<group>"; };
		D52D5D2818FE62B300B8C6B8 /* unzip.h */ = {isa = PBXFileReference; fileEncoding = 4; lastKnownFileType = sourcecode.c.h; path = unzip.h; sourceTree = "<group>"; };
		D52D5D2918FE62B300B8C6B8 /* zip.c */ = {isa = PBXFileReference; fileEncoding = 4; lastKnownFileType = sourcecode.c.c; path = zip.c; sourceTree = "<group>"; };
		D52D5D2A18FE62B300B8C6B8 /* zip.h */ = {isa = PBXFileReference; fileEncoding = 4; lastKnownFileType = sourcecode.c.h; path = zip.h; sourceTree = "<group>"; };
		D52D5D2B18FE62B300B8C6B8 /* ZipArchive.h */ = {isa = PBXFileReference; fileEncoding = 4; lastKnownFileType = sourcecode.c.h; path = ZipArchive.h; sourceTree = "<group>"; };
		D52D5D2C18FE62B300B8C6B8 /* ZipArchive.m */ = {isa = PBXFileReference; fileEncoding = 4; lastKnownFileType = sourcecode.c.objc; path = ZipArchive.m; sourceTree = "<group>"; };
		D52D5D6118FE64E700B8C6B8 /* JSONModel+CoreData.h */ = {isa = PBXFileReference; fileEncoding = 4; lastKnownFileType = sourcecode.c.h; path = "JSONModel+CoreData.h"; sourceTree = "<group>"; };
		D52D5D6218FE64E700B8C6B8 /* JSONModel+CoreData.m */ = {isa = PBXFileReference; fileEncoding = 4; lastKnownFileType = sourcecode.c.objc; path = "JSONModel+CoreData.m"; sourceTree = "<group>"; };
		D52D5D6318FE64E700B8C6B8 /* JSONModel.h */ = {isa = PBXFileReference; fileEncoding = 4; lastKnownFileType = sourcecode.c.h; path = JSONModel.h; sourceTree = "<group>"; };
		D52D5D6418FE64E700B8C6B8 /* JSONModel.m */ = {isa = PBXFileReference; fileEncoding = 4; lastKnownFileType = sourcecode.c.objc; path = JSONModel.m; sourceTree = "<group>"; };
		D52D5D6518FE64E700B8C6B8 /* JSONModelArray.h */ = {isa = PBXFileReference; fileEncoding = 4; lastKnownFileType = sourcecode.c.h; path = JSONModelArray.h; sourceTree = "<group>"; };
		D52D5D6618FE64E700B8C6B8 /* JSONModelArray.m */ = {isa = PBXFileReference; fileEncoding = 4; lastKnownFileType = sourcecode.c.objc; path = JSONModelArray.m; sourceTree = "<group>"; };
		D52D5D6718FE64E700B8C6B8 /* JSONModelClassProperty.h */ = {isa = PBXFileReference; fileEncoding = 4; lastKnownFileType = sourcecode.c.h; path = JSONModelClassProperty.h; sourceTree = "<group>"; };
		D52D5D6818FE64E700B8C6B8 /* JSONModelClassProperty.m */ = {isa = PBXFileReference; fileEncoding = 4; lastKnownFileType = sourcecode.c.objc; path = JSONModelClassProperty.m; sourceTree = "<group>"; };
		D52D5D6918FE64E700B8C6B8 /* JSONModelError.h */ = {isa = PBXFileReference; fileEncoding = 4; lastKnownFileType = sourcecode.c.h; path = JSONModelError.h; sourceTree = "<group>"; };
		D52D5D6A18FE64E700B8C6B8 /* JSONModelError.m */ = {isa = PBXFileReference; fileEncoding = 4; lastKnownFileType = sourcecode.c.objc; path = JSONModelError.m; sourceTree = "<group>"; };
		D52D5D6C18FE64E700B8C6B8 /* NSArray+JSONModel.h */ = {isa = PBXFileReference; fileEncoding = 4; lastKnownFileType = sourcecode.c.h; path = "NSArray+JSONModel.h"; sourceTree = "<group>"; };
		D52D5D6D18FE64E700B8C6B8 /* NSArray+JSONModel.m */ = {isa = PBXFileReference; fileEncoding = 4; lastKnownFileType = sourcecode.c.objc; path = "NSArray+JSONModel.m"; sourceTree = "<group>"; };
		D52D5D6E18FE64E700B8C6B8 /* JSONModelLib.h */ = {isa = PBXFileReference; fileEncoding = 4; lastKnownFileType = sourcecode.c.h; path = JSONModelLib.h; sourceTree = "<group>"; };
		D52D5D7018FE64E700B8C6B8 /* JSONAPI.h */ = {isa = PBXFileReference; fileEncoding = 4; lastKnownFileType = sourcecode.c.h; path = JSONAPI.h; sourceTree = "<group>"; };
		D52D5D7118FE64E700B8C6B8 /* JSONAPI.m */ = {isa = PBXFileReference; fileEncoding = 4; lastKnownFileType = sourcecode.c.objc; path = JSONAPI.m; sourceTree = "<group>"; };
		D52D5D7218FE64E700B8C6B8 /* JSONHTTPClient.h */ = {isa = PBXFileReference; fileEncoding = 4; lastKnownFileType = sourcecode.c.h; path = JSONHTTPClient.h; sourceTree = "<group>"; };
		D52D5D7318FE64E700B8C6B8 /* JSONHTTPClient.m */ = {isa = PBXFileReference; fileEncoding = 4; lastKnownFileType = sourcecode.c.objc; path = JSONHTTPClient.m; sourceTree = "<group>"; };
		D52D5D7418FE64E700B8C6B8 /* JSONModel+networking.h */ = {isa = PBXFileReference; fileEncoding = 4; lastKnownFileType = sourcecode.c.h; path = "JSONModel+networking.h"; sourceTree = "<group>"; };
		D52D5D7518FE64E700B8C6B8 /* JSONModel+networking.m */ = {isa = PBXFileReference; fileEncoding = 4; lastKnownFileType = sourcecode.c.objc; path = "JSONModel+networking.m"; sourceTree = "<group>"; };
		D52D5D7718FE64E700B8C6B8 /* JSONKeyMapper.h */ = {isa = PBXFileReference; fileEncoding = 4; lastKnownFileType = sourcecode.c.h; path = JSONKeyMapper.h; sourceTree = "<group>"; };
		D52D5D7818FE64E700B8C6B8 /* JSONKeyMapper.m */ = {isa = PBXFileReference; fileEncoding = 4; lastKnownFileType = sourcecode.c.objc; path = JSONKeyMapper.m; sourceTree = "<group>"; };
		D52D5D7918FE64E700B8C6B8 /* JSONValueTransformer.h */ = {isa = PBXFileReference; fileEncoding = 4; lastKnownFileType = sourcecode.c.h; path = JSONValueTransformer.h; sourceTree = "<group>"; };
		D52D5D7A18FE64E700B8C6B8 /* JSONValueTransformer.m */ = {isa = PBXFileReference; fileEncoding = 4; lastKnownFileType = sourcecode.c.objc; path = JSONValueTransformer.m; sourceTree = "<group>"; };
/* End PBXFileReference section */

/* Begin PBXFrameworksBuildPhase section */
		D52D5C9D18FE34C700B8C6B8 /* Frameworks */ = {
			isa = PBXFrameworksBuildPhase;
			buildActionMask = 2147483647;
			files = (
				D52D5D0918FE5EFC00B8C6B8 /* CoreData.framework in Frameworks */,
				D52D5D0718FE5EF100B8C6B8 /* SystemConfiguration.framework in Frameworks */,
				D52D5D0518FE5ED700B8C6B8 /* libz.dylib in Frameworks */,
				D52D5D0318FE5EB800B8C6B8 /* AdSupport.framework in Frameworks */,
				D52D5D0118FE5E8D00B8C6B8 /* libGoogleAnalyticsServices.a in Frameworks */,
				D52D5CA618FE34C700B8C6B8 /* CoreGraphics.framework in Frameworks */,
				D52D5CA818FE34C700B8C6B8 /* UIKit.framework in Frameworks */,
				D52D5CA418FE34C700B8C6B8 /* Foundation.framework in Frameworks */,
			);
			runOnlyForDeploymentPostprocessing = 0;
		};
		D52D5CBE18FE34C700B8C6B8 /* Frameworks */ = {
			isa = PBXFrameworksBuildPhase;
			buildActionMask = 2147483647;
			files = (
				D52D5CC318FE34C700B8C6B8 /* XCTest.framework in Frameworks */,
				D52D5CC518FE34C700B8C6B8 /* UIKit.framework in Frameworks */,
				D52D5CC418FE34C700B8C6B8 /* Foundation.framework in Frameworks */,
			);
			runOnlyForDeploymentPostprocessing = 0;
		};
/* End PBXFrameworksBuildPhase section */

/* Begin PBXGroup section */
		D52D5C9718FE34C700B8C6B8 = {
			isa = PBXGroup;
			children = (
				D52D5CA918FE34C700B8C6B8 /* YLSY */,
				D52D5CC818FE34C700B8C6B8 /* YLSYTests */,
				D52D5CA218FE34C700B8C6B8 /* Frameworks */,
				D52D5CA118FE34C700B8C6B8 /* Products */,
			);
			sourceTree = "<group>";
		};
		D52D5CA118FE34C700B8C6B8 /* Products */ = {
			isa = PBXGroup;
			children = (
				D52D5CA018FE34C700B8C6B8 /* YLSY.app */,
				D52D5CC118FE34C700B8C6B8 /* YLSYTests.xctest */,
			);
			name = Products;
			sourceTree = "<group>";
		};
		D52D5CA218FE34C700B8C6B8 /* Frameworks */ = {
			isa = PBXGroup;
			children = (
				D52D5D0818FE5EFC00B8C6B8 /* CoreData.framework */,
				D52D5D0618FE5EF100B8C6B8 /* SystemConfiguration.framework */,
				D52D5D0418FE5ED700B8C6B8 /* libz.dylib */,
				D52D5D0218FE5EB800B8C6B8 /* AdSupport.framework */,
				D52D5D0018FE5E8D00B8C6B8 /* libGoogleAnalyticsServices.a */,
				D52D5CA318FE34C700B8C6B8 /* Foundation.framework */,
				D52D5CA518FE34C700B8C6B8 /* CoreGraphics.framework */,
				D52D5CA718FE34C700B8C6B8 /* UIKit.framework */,
				D52D5CC218FE34C700B8C6B8 /* XCTest.framework */,
			);
			name = Frameworks;
			sourceTree = "<group>";
		};
		D52D5CA918FE34C700B8C6B8 /* YLSY */ = {
			isa = PBXGroup;
			children = (
				D52D5CD818FE5A8600B8C6B8 /* libs */,
				D52D5CB218FE34C700B8C6B8 /* AppDelegate.h */,
				D52D5CB318FE34C700B8C6B8 /* AppDelegate.m */,
				D52D5CB518FE34C700B8C6B8 /* Main.storyboard */,
				D52D5CB818FE34C700B8C6B8 /* ViewController.h */,
				D52D5CB918FE34C700B8C6B8 /* ViewController.m */,
				D52D5CBB18FE34C700B8C6B8 /* Images.xcassets */,
				D52D5CAA18FE34C700B8C6B8 /* Supporting Files */,
			);
			path = YLSY;
			sourceTree = "<group>";
		};
		D52D5CAA18FE34C700B8C6B8 /* Supporting Files */ = {
			isa = PBXGroup;
			children = (
				D52D5CAB18FE34C700B8C6B8 /* YLSY-Info.plist */,
				D52D5CAC18FE34C700B8C6B8 /* InfoPlist.strings */,
				D52D5CAF18FE34C700B8C6B8 /* main.m */,
				D52D5CB118FE34C700B8C6B8 /* YLSY-Prefix.pch */,
			);
			name = "Supporting Files";
			sourceTree = "<group>";
		};
		D52D5CC818FE34C700B8C6B8 /* YLSYTests */ = {
			isa = PBXGroup;
			children = (
				D52D5CCE18FE34C700B8C6B8 /* YLSYTests.m */,
				D52D5CC918FE34C700B8C6B8 /* Supporting Files */,
			);
			path = YLSYTests;
			sourceTree = "<group>";
		};
		D52D5CC918FE34C700B8C6B8 /* Supporting Files */ = {
			isa = PBXGroup;
			children = (
				D52D5CCA18FE34C700B8C6B8 /* YLSYTests-Info.plist */,
				D52D5CCB18FE34C700B8C6B8 /* InfoPlist.strings */,
			);
			name = "Supporting Files";
			sourceTree = "<group>";
		};
		D52D5CD818FE5A8600B8C6B8 /* libs */ = {
			isa = PBXGroup;
			children = (
				D52D5CD918FE5A8600B8C6B8 /* AFNetworking */,
				D52D5CDA18FE5A8600B8C6B8 /* FMDB */,
				D52D5CDB18FE5A8600B8C6B8 /* ZipArchive */,
				D52D5CDC18FE5A8600B8C6B8 /* googleAnalytics */,
				D52D5CDD18FE5A8600B8C6B8 /* jsonModel */,
			);
			path = libs;
			sourceTree = "<group>";
		};
		D52D5CD918FE5A8600B8C6B8 /* AFNetworking */ = {
			isa = PBXGroup;
			children = (
				D52D5CDE18FE5AA100B8C6B8 /* AFHTTPRequestOperation.h */,
				D52D5CDF18FE5AA100B8C6B8 /* AFHTTPRequestOperation.m */,
				D52D5CE018FE5AA100B8C6B8 /* AFHTTPRequestOperationManager.h */,
				D52D5CE118FE5AA100B8C6B8 /* AFHTTPRequestOperationManager.m */,
				D52D5CE218FE5AA100B8C6B8 /* AFHTTPSessionManager.h */,
				D52D5CE318FE5AA100B8C6B8 /* AFHTTPSessionManager.m */,
				D52D5CE418FE5AA100B8C6B8 /* AFNetworking.h */,
				D52D5CE518FE5AA100B8C6B8 /* AFNetworkReachabilityManager.h */,
				D52D5CE618FE5AA100B8C6B8 /* AFNetworkReachabilityManager.m */,
				D52D5CE718FE5AA100B8C6B8 /* AFSecurityPolicy.h */,
				D52D5CE818FE5AA100B8C6B8 /* AFSecurityPolicy.m */,
				D52D5CE918FE5AA100B8C6B8 /* AFURLConnectionOperation.h */,
				D52D5CEA18FE5AA100B8C6B8 /* AFURLConnectionOperation.m */,
				D52D5CEB18FE5AA100B8C6B8 /* AFURLRequestSerialization.h */,
				D52D5CEC18FE5AA100B8C6B8 /* AFURLRequestSerialization.m */,
				D52D5CED18FE5AA100B8C6B8 /* AFURLResponseSerialization.h */,
				D52D5CEE18FE5AA100B8C6B8 /* AFURLResponseSerialization.m */,
				D52D5CEF18FE5AA100B8C6B8 /* AFURLSessionManager.h */,
				D52D5CF018FE5AA100B8C6B8 /* AFURLSessionManager.m */,
			);
			path = AFNetworking;
			sourceTree = "<group>";
		};
		D52D5CDA18FE5A8600B8C6B8 /* FMDB */ = {
			isa = PBXGroup;
			children = (
				D52D5D0A18FE615300B8C6B8 /* FMDatabase.h */,
				D52D5D0B18FE615300B8C6B8 /* FMDatabase.m */,
				D52D5D0C18FE615300B8C6B8 /* FMDatabaseAdditions.h */,
				D52D5D0D18FE615300B8C6B8 /* FMDatabaseAdditions.m */,
				D52D5D0E18FE615300B8C6B8 /* FMDatabasePool.h */,
				D52D5D0F18FE615300B8C6B8 /* FMDatabasePool.m */,
				D52D5D1018FE615300B8C6B8 /* FMDatabaseQueue.h */,
				D52D5D1118FE615300B8C6B8 /* FMDatabaseQueue.m */,
				D52D5D1218FE615300B8C6B8 /* FMDB.h */,
				D52D5D1318FE615300B8C6B8 /* FMResultSet.h */,
				D52D5D1418FE615300B8C6B8 /* FMResultSet.m */,
			);
			path = FMDB;
			sourceTree = "<group>";
		};
		D52D5CDB18FE5A8600B8C6B8 /* ZipArchive */ = {
			isa = PBXGroup;
			children = (
				D52D5D1A18FE62B300B8C6B8 /* minizip */,
				D52D5D2B18FE62B300B8C6B8 /* ZipArchive.h */,
				D52D5D2C18FE62B300B8C6B8 /* ZipArchive.m */,
			);
			path = ZipArchive;
			sourceTree = "<group>";
		};
		D52D5CDC18FE5A8600B8C6B8 /* googleAnalytics */ = {
			isa = PBXGroup;
			children = (
				D52D5CFA18FE5E4D00B8C6B8 /* GAI.h */,
				D52D5CFB18FE5E4D00B8C6B8 /* GAIDictionaryBuilder.h */,
				D52D5CFC18FE5E4D00B8C6B8 /* GAIFields.h */,
				D52D5CFD18FE5E4D00B8C6B8 /* GAILogger.h */,
				D52D5CFE18FE5E4D00B8C6B8 /* GAITrackedViewController.h */,
				D52D5CFF18FE5E4D00B8C6B8 /* GAITracker.h */,
			);
			path = googleAnalytics;
			sourceTree = "<group>";
		};
		D52D5CDD18FE5A8600B8C6B8 /* jsonModel */ = {
			isa = PBXGroup;
			children = (
				D52D5D6018FE64E700B8C6B8 /* JSONModel */,
				D52D5D6B18FE64E700B8C6B8 /* JSONModelCategories */,
				D52D5D6E18FE64E700B8C6B8 /* JSONModelLib.h */,
				D52D5D6F18FE64E700B8C6B8 /* JSONModelNetworking */,
				D52D5D7618FE64E700B8C6B8 /* JSONModelTransformations */,
			);
			path = jsonModel;
			sourceTree = "<group>";
		};
		D52D5D1A18FE62B300B8C6B8 /* minizip */ = {
			isa = PBXGroup;
			children = (
				D52D5D1B18FE62B300B8C6B8 /* ChangeLogUnzip */,
				D52D5D1C18FE62B300B8C6B8 /* Makefile */,
				D52D5D1D18FE62B300B8C6B8 /* MiniZip64_Changes.txt */,
				D52D5D1E18FE62B300B8C6B8 /* MiniZip64_info.txt */,
				D52D5D1F18FE62B300B8C6B8 /* crypt.h */,
				D52D5D2018FE62B300B8C6B8 /* ioapi.c */,
				D52D5D2118FE62B300B8C6B8 /* ioapi.h */,
				D52D5D2218FE62B300B8C6B8 /* make_vms.com */,
				D52D5D2318FE62B300B8C6B8 /* miniunz.c */,
				D52D5D2418FE62B300B8C6B8 /* minizip.c */,
				D52D5D2518FE62B300B8C6B8 /* mztools.c */,
				D52D5D2618FE62B300B8C6B8 /* mztools.h */,
				D52D5D2718FE62B300B8C6B8 /* unzip.c */,
				D52D5D2818FE62B300B8C6B8 /* unzip.h */,
				D52D5D2918FE62B300B8C6B8 /* zip.c */,
				D52D5D2A18FE62B300B8C6B8 /* zip.h */,
			);
			path = minizip;
			sourceTree = "<group>";
		};
		D52D5D6018FE64E700B8C6B8 /* JSONModel */ = {
			isa = PBXGroup;
			children = (
				D52D5D6118FE64E700B8C6B8 /* JSONModel+CoreData.h */,
				D52D5D6218FE64E700B8C6B8 /* JSONModel+CoreData.m */,
				D52D5D6318FE64E700B8C6B8 /* JSONModel.h */,
				D52D5D6418FE64E700B8C6B8 /* JSONModel.m */,
				D52D5D6518FE64E700B8C6B8 /* JSONModelArray.h */,
				D52D5D6618FE64E700B8C6B8 /* JSONModelArray.m */,
				D52D5D6718FE64E700B8C6B8 /* JSONModelClassProperty.h */,
				D52D5D6818FE64E700B8C6B8 /* JSONModelClassProperty.m */,
				D52D5D6918FE64E700B8C6B8 /* JSONModelError.h */,
				D52D5D6A18FE64E700B8C6B8 /* JSONModelError.m */,
			);
			path = JSONModel;
			sourceTree = "<group>";
		};
		D52D5D6B18FE64E700B8C6B8 /* JSONModelCategories */ = {
			isa = PBXGroup;
			children = (
				D52D5D6C18FE64E700B8C6B8 /* NSArray+JSONModel.h */,
				D52D5D6D18FE64E700B8C6B8 /* NSArray+JSONModel.m */,
			);
			path = JSONModelCategories;
			sourceTree = "<group>";
		};
		D52D5D6F18FE64E700B8C6B8 /* JSONModelNetworking */ = {
			isa = PBXGroup;
			children = (
				D52D5D7018FE64E700B8C6B8 /* JSONAPI.h */,
				D52D5D7118FE64E700B8C6B8 /* JSONAPI.m */,
				D52D5D7218FE64E700B8C6B8 /* JSONHTTPClient.h */,
				D52D5D7318FE64E700B8C6B8 /* JSONHTTPClient.m */,
				D52D5D7418FE64E700B8C6B8 /* JSONModel+networking.h */,
				D52D5D7518FE64E700B8C6B8 /* JSONModel+networking.m */,
			);
			path = JSONModelNetworking;
			sourceTree = "<group>";
		};
		D52D5D7618FE64E700B8C6B8 /* JSONModelTransformations */ = {
			isa = PBXGroup;
			children = (
				D52D5D7718FE64E700B8C6B8 /* JSONKeyMapper.h */,
				D52D5D7818FE64E700B8C6B8 /* JSONKeyMapper.m */,
				D52D5D7918FE64E700B8C6B8 /* JSONValueTransformer.h */,
				D52D5D7A18FE64E700B8C6B8 /* JSONValueTransformer.m */,
			);
			path = JSONModelTransformations;
			sourceTree = "<group>";
		};
/* End PBXGroup section */

/* Begin PBXNativeTarget section */
		D52D5C9F18FE34C700B8C6B8 /* YLSY */ = {
			isa = PBXNativeTarget;
			buildConfigurationList = D52D5CD218FE34C700B8C6B8 /* Build configuration list for PBXNativeTarget "YLSY" */;
			buildPhases = (
				D52D5C9C18FE34C700B8C6B8 /* Sources */,
				D52D5C9D18FE34C700B8C6B8 /* Frameworks */,
				D52D5C9E18FE34C700B8C6B8 /* Resources */,
			);
			buildRules = (
			);
			dependencies = (
			);
			name = YLSY;
			productName = YLSY;
			productReference = D52D5CA018FE34C700B8C6B8 /* YLSY.app */;
			productType = "com.apple.product-type.application";
		};
		D52D5CC018FE34C700B8C6B8 /* YLSYTests */ = {
			isa = PBXNativeTarget;
			buildConfigurationList = D52D5CD518FE34C700B8C6B8 /* Build configuration list for PBXNativeTarget "YLSYTests" */;
			buildPhases = (
				D52D5CBD18FE34C700B8C6B8 /* Sources */,
				D52D5CBE18FE34C700B8C6B8 /* Frameworks */,
				D52D5CBF18FE34C700B8C6B8 /* Resources */,
			);
			buildRules = (
			);
			dependencies = (
				D52D5CC718FE34C700B8C6B8 /* PBXTargetDependency */,
			);
			name = YLSYTests;
			productName = YLSYTests;
			productReference = D52D5CC118FE34C700B8C6B8 /* YLSYTests.xctest */;
			productType = "com.apple.product-type.bundle.unit-test";
		};
/* End PBXNativeTarget section */

/* Begin PBXProject section */
		D52D5C9818FE34C700B8C6B8 /* Project object */ = {
			isa = PBXProject;
			attributes = {
				LastUpgradeCheck = 0510;
				ORGANIZATIONNAME = "中意工业设计（湖南）有限责任公司";
				TargetAttributes = {
					D52D5CC018FE34C700B8C6B8 = {
						TestTargetID = D52D5C9F18FE34C700B8C6B8;
					};
				};
			};
			buildConfigurationList = D52D5C9B18FE34C700B8C6B8 /* Build configuration list for PBXProject "YLSY" */;
			compatibilityVersion = "Xcode 3.2";
			developmentRegion = English;
			hasScannedForEncodings = 0;
			knownRegions = (
				en,
				Base,
			);
			mainGroup = D52D5C9718FE34C700B8C6B8;
			productRefGroup = D52D5CA118FE34C700B8C6B8 /* Products */;
			projectDirPath = "";
			projectRoot = "";
			targets = (
				D52D5C9F18FE34C700B8C6B8 /* YLSY */,
				D52D5CC018FE34C700B8C6B8 /* YLSYTests */,
			);
		};
/* End PBXProject section */

/* Begin PBXResourcesBuildPhase section */
		D52D5C9E18FE34C700B8C6B8 /* Resources */ = {
			isa = PBXResourcesBuildPhase;
			buildActionMask = 2147483647;
			files = (
				D52D5D2F18FE62B300B8C6B8 /* MiniZip64_Changes.txt in Resources */,
				D52D5D3018FE62B300B8C6B8 /* MiniZip64_info.txt in Resources */,
				D52D5D2D18FE62B300B8C6B8 /* ChangeLogUnzip in Resources */,
				D52D5CBC18FE34C700B8C6B8 /* Images.xcassets in Resources */,
				D52D5CAE18FE34C700B8C6B8 /* InfoPlist.strings in Resources */,
				D52D5D3218FE62B300B8C6B8 /* make_vms.com in Resources */,
				D52D5CB718FE34C700B8C6B8 /* Main.storyboard in Resources */,
			);
			runOnlyForDeploymentPostprocessing = 0;
		};
		D52D5CBF18FE34C700B8C6B8 /* Resources */ = {
			isa = PBXResourcesBuildPhase;
			buildActionMask = 2147483647;
			files = (
				D52D5CCD18FE34C700B8C6B8 /* InfoPlist.strings in Resources */,
			);
			runOnlyForDeploymentPostprocessing = 0;
		};
/* End PBXResourcesBuildPhase section */

/* Begin PBXSourcesBuildPhase section */
		D52D5C9C18FE34C700B8C6B8 /* Sources */ = {
			isa = PBXSourcesBuildPhase;
			buildActionMask = 2147483647;
			files = (
				D52D5D2E18FE62B300B8C6B8 /* Makefile in Sources */,
				D52D5D3118FE62B300B8C6B8 /* ioapi.c in Sources */,
				D52D5D7B18FE64E700B8C6B8 /* JSONModel+CoreData.m in Sources */,
				D52D5CF118FE5AA100B8C6B8 /* AFHTTPRequestOperation.m in Sources */,
				D52D5D8418FE64E700B8C6B8 /* JSONKeyMapper.m in Sources */,
				D52D5CBA18FE34C700B8C6B8 /* ViewController.m in Sources */,
				D52D5D3318FE62B300B8C6B8 /* miniunz.c in Sources */,
				D52D5D1518FE615300B8C6B8 /* FMDatabase.m in Sources */,
				D52D5CF218FE5AA100B8C6B8 /* AFHTTPRequestOperationManager.m in Sources */,
				D52D5CF418FE5AA100B8C6B8 /* AFNetworkReachabilityManager.m in Sources */,
				D52D5D8218FE64E700B8C6B8 /* JSONHTTPClient.m in Sources */,
				D52D5D8518FE64E700B8C6B8 /* JSONValueTransformer.m in Sources */,
				D52D5D1618FE615300B8C6B8 /* FMDatabaseAdditions.m in Sources */,
				D52D5D3718FE62B300B8C6B8 /* zip.c in Sources */,
				D52D5CF818FE5AA100B8C6B8 /* AFURLResponseSerialization.m in Sources */,
				D52D5D3818FE62B300B8C6B8 /* ZipArchive.m in Sources */,
				D52D5D8018FE64E700B8C6B8 /* NSArray+JSONModel.m in Sources */,
				D52D5D7D18FE64E700B8C6B8 /* JSONModelArray.m in Sources */,
				D52D5D1718FE615300B8C6B8 /* FMDatabasePool.m in Sources */,
				D52D5CF618FE5AA100B8C6B8 /* AFURLConnectionOperation.m in Sources */,
				D52D5D1818FE615300B8C6B8 /* FMDatabaseQueue.m in Sources */,
				D52D5D8318FE64E700B8C6B8 /* JSONModel+networking.m in Sources */,
				D52D5CF518FE5AA100B8C6B8 /* AFSecurityPolicy.m in Sources */,
				D52D5D7F18FE64E700B8C6B8 /* JSONModelError.m in Sources */,
				D52D5CF318FE5AA100B8C6B8 /* AFHTTPSessionManager.m in Sources */,
				D52D5CF718FE5AA100B8C6B8 /* AFURLRequestSerialization.m in Sources */,
				D52D5D7E18FE64E700B8C6B8 /* JSONModelClassProperty.m in Sources */,
				D52D5D3518FE62B300B8C6B8 /* mztools.c in Sources */,
				D52D5D8118FE64E700B8C6B8 /* JSONAPI.m in Sources */,
				D52D5D1918FE615300B8C6B8 /* FMResultSet.m in Sources */,
				D52D5D3418FE62B300B8C6B8 /* minizip.c in Sources */,
				D52D5CF918FE5AA100B8C6B8 /* AFURLSessionManager.m in Sources */,
				D52D5CB418FE34C700B8C6B8 /* AppDelegate.m in Sources */,
				D52D5D7C18FE64E700B8C6B8 /* JSONModel.m in Sources */,
				D52D5D3618FE62B300B8C6B8 /* unzip.c in Sources */,
				D52D5CB018FE34C700B8C6B8 /* main.m in Sources */,
			);
			runOnlyForDeploymentPostprocessing = 0;
		};
		D52D5CBD18FE34C700B8C6B8 /* Sources */ = {
			isa = PBXSourcesBuildPhase;
			buildActionMask = 2147483647;
			files = (
				D52D5CCF18FE34C700B8C6B8 /* YLSYTests.m in Sources */,
			);
			runOnlyForDeploymentPostprocessing = 0;
		};
/* End PBXSourcesBuildPhase section */

/* Begin PBXTargetDependency section */
		D52D5CC718FE34C700B8C6B8 /* PBXTargetDependency */ = {
			isa = PBXTargetDependency;
			target = D52D5C9F18FE34C700B8C6B8 /* YLSY */;
			targetProxy = D52D5CC618FE34C700B8C6B8 /* PBXContainerItemProxy */;
		};
/* End PBXTargetDependency section */

/* Begin PBXVariantGroup section */
		D52D5CAC18FE34C700B8C6B8 /* InfoPlist.strings */ = {
			isa = PBXVariantGroup;
			children = (
				D52D5CAD18FE34C700B8C6B8 /* en */,
			);
			name = InfoPlist.strings;
			sourceTree = "<group>";
		};
		D52D5CB518FE34C700B8C6B8 /* Main.storyboard */ = {
			isa = PBXVariantGroup;
			children = (
				D52D5CB618FE34C700B8C6B8 /* Base */,
			);
			name = Main.storyboard;
			sourceTree = "<group>";
		};
		D52D5CCB18FE34C700B8C6B8 /* InfoPlist.strings */ = {
			isa = PBXVariantGroup;
			children = (
				D52D5CCC18FE34C700B8C6B8 /* en */,
			);
			name = InfoPlist.strings;
			sourceTree = "<group>";
		};
/* End PBXVariantGroup section */

/* Begin XCBuildConfiguration section */
		D52D5CD018FE34C700B8C6B8 /* Debug */ = {
			isa = XCBuildConfiguration;
			buildSettings = {
				ALWAYS_SEARCH_USER_PATHS = NO;
				CLANG_CXX_LANGUAGE_STANDARD = "gnu++0x";
				CLANG_CXX_LIBRARY = "libc++";
				CLANG_ENABLE_MODULES = YES;
				CLANG_ENABLE_OBJC_ARC = YES;
				CLANG_WARN_BOOL_CONVERSION = YES;
				CLANG_WARN_CONSTANT_CONVERSION = YES;
				CLANG_WARN_DIRECT_OBJC_ISA_USAGE = YES_ERROR;
				CLANG_WARN_EMPTY_BODY = YES;
				CLANG_WARN_ENUM_CONVERSION = YES;
				CLANG_WARN_INT_CONVERSION = YES;
				CLANG_WARN_OBJC_ROOT_CLASS = YES_ERROR;
				CLANG_WARN__DUPLICATE_METHOD_MATCH = YES;
				"CODE_SIGN_IDENTITY[sdk=iphoneos*]" = "iPhone Developer";
				COPY_PHASE_STRIP = NO;
				GCC_C_LANGUAGE_STANDARD = gnu99;
				GCC_DYNAMIC_NO_PIC = NO;
				GCC_OPTIMIZATION_LEVEL = 0;
				GCC_PREPROCESSOR_DEFINITIONS = (
					"DEBUG=1",
					"$(inherited)",
				);
				GCC_SYMBOLS_PRIVATE_EXTERN = NO;
				GCC_WARN_64_TO_32_BIT_CONVERSION = YES;
				GCC_WARN_ABOUT_RETURN_TYPE = YES_ERROR;
				GCC_WARN_UNDECLARED_SELECTOR = YES;
				GCC_WARN_UNINITIALIZED_AUTOS = YES_AGGRESSIVE;
				GCC_WARN_UNUSED_FUNCTION = YES;
				GCC_WARN_UNUSED_VARIABLE = YES;
				IPHONEOS_DEPLOYMENT_TARGET = 7.1;
				ONLY_ACTIVE_ARCH = YES;
				SDKROOT = iphoneos;
				TARGETED_DEVICE_FAMILY = 2;
			};
			name = Debug;
		};
		D52D5CD118FE34C700B8C6B8 /* Release */ = {
			isa = XCBuildConfiguration;
			buildSettings = {
				ALWAYS_SEARCH_USER_PATHS = NO;
				CLANG_CXX_LANGUAGE_STANDARD = "gnu++0x";
				CLANG_CXX_LIBRARY = "libc++";
				CLANG_ENABLE_MODULES = YES;
				CLANG_ENABLE_OBJC_ARC = YES;
				CLANG_WARN_BOOL_CONVERSION = YES;
				CLANG_WARN_CONSTANT_CONVERSION = YES;
				CLANG_WARN_DIRECT_OBJC_ISA_USAGE = YES_ERROR;
				CLANG_WARN_EMPTY_BODY = YES;
				CLANG_WARN_ENUM_CONVERSION = YES;
				CLANG_WARN_INT_CONVERSION = YES;
				CLANG_WARN_OBJC_ROOT_CLASS = YES_ERROR;
				CLANG_WARN__DUPLICATE_METHOD_MATCH = YES;
				"CODE_SIGN_IDENTITY[sdk=iphoneos*]" = "iPhone Developer";
				COPY_PHASE_STRIP = YES;
				ENABLE_NS_ASSERTIONS = NO;
				GCC_C_LANGUAGE_STANDARD = gnu99;
				GCC_WARN_64_TO_32_BIT_CONVERSION = YES;
				GCC_WARN_ABOUT_RETURN_TYPE = YES_ERROR;
				GCC_WARN_UNDECLARED_SELECTOR = YES;
				GCC_WARN_UNINITIALIZED_AUTOS = YES_AGGRESSIVE;
				GCC_WARN_UNUSED_FUNCTION = YES;
				GCC_WARN_UNUSED_VARIABLE = YES;
				IPHONEOS_DEPLOYMENT_TARGET = 7.1;
				SDKROOT = iphoneos;
				TARGETED_DEVICE_FAMILY = 2;
				VALIDATE_PRODUCT = YES;
			};
			name = Release;
		};
		D52D5CD318FE34C700B8C6B8 /* Debug */ = {
			isa = XCBuildConfiguration;
			buildSettings = {
				ASSETCATALOG_COMPILER_APPICON_NAME = AppIcon;
				ASSETCATALOG_COMPILER_LAUNCHIMAGE_NAME = LaunchImage;
				GCC_PRECOMPILE_PREFIX_HEADER = YES;
				GCC_PREFIX_HEADER = "YLSY/YLSY-Prefix.pch";
				INFOPLIST_FILE = "YLSY/YLSY-Info.plist";
				LIBRARY_SEARCH_PATHS = (
					"$(inherited)",
					"/Volumes/MAC_DATA/第三方组件/GoogleAnalyticsServicesiOS_3.06",
				);
				PRODUCT_NAME = "$(TARGET_NAME)";
				WRAPPER_EXTENSION = app;
			};
			name = Debug;
		};
		D52D5CD418FE34C700B8C6B8 /* Release */ = {
			isa = XCBuildConfiguration;
			buildSettings = {
				ASSETCATALOG_COMPILER_APPICON_NAME = AppIcon;
				ASSETCATALOG_COMPILER_LAUNCHIMAGE_NAME = LaunchImage;
				GCC_PRECOMPILE_PREFIX_HEADER = YES;
				GCC_PREFIX_HEADER = "YLSY/YLSY-Prefix.pch";
				INFOPLIST_FILE = "YLSY/YLSY-Info.plist";
				LIBRARY_SEARCH_PATHS = (
					"$(inherited)",
					"/Volumes/MAC_DATA/第三方组件/GoogleAnalyticsServicesiOS_3.06",
				);
				PRODUCT_NAME = "$(TARGET_NAME)";
				WRAPPER_EXTENSION = app;
			};
			name = Release;
		};
		D52D5CD618FE34C700B8C6B8 /* Debug */ = {
			isa = XCBuildConfiguration;
			buildSettings = {
				BUNDLE_LOADER = "$(BUILT_PRODUCTS_DIR)/YLSY.app/YLSY";
				FRAMEWORK_SEARCH_PATHS = (
					"$(SDKROOT)/Developer/Library/Frameworks",
					"$(inherited)",
					"$(DEVELOPER_FRAMEWORKS_DIR)",
				);
				GCC_PRECOMPILE_PREFIX_HEADER = YES;
				GCC_PREFIX_HEADER = "YLSY/YLSY-Prefix.pch";
				GCC_PREPROCESSOR_DEFINITIONS = (
					"DEBUG=1",
					"$(inherited)",
				);
				INFOPLIST_FILE = "YLSYTests/YLSYTests-Info.plist";
				PRODUCT_NAME = "$(TARGET_NAME)";
				TEST_HOST = "$(BUNDLE_LOADER)";
				WRAPPER_EXTENSION = xctest;
			};
			name = Debug;
		};
		D52D5CD718FE34C700B8C6B8 /* Release */ = {
			isa = XCBuildConfiguration;
			buildSettings = {
				BUNDLE_LOADER = "$(BUILT_PRODUCTS_DIR)/YLSY.app/YLSY";
				FRAMEWORK_SEARCH_PATHS = (
					"$(SDKROOT)/Developer/Library/Frameworks",
					"$(inherited)",
					"$(DEVELOPER_FRAMEWORKS_DIR)",
				);
				GCC_PRECOMPILE_PREFIX_HEADER = YES;
				GCC_PREFIX_HEADER = "YLSY/YLSY-Prefix.pch";
				INFOPLIST_FILE = "YLSYTests/YLSYTests-Info.plist";
				PRODUCT_NAME = "$(TARGET_NAME)";
				TEST_HOST = "$(BUNDLE_LOADER)";
				WRAPPER_EXTENSION = xctest;
			};
			name = Release;
		};
/* End XCBuildConfiguration section */

/* Begin XCConfigurationList section */
		D52D5C9B18FE34C700B8C6B8 /* Build configuration list for PBXProject "YLSY" */ = {
			isa = XCConfigurationList;
			buildConfigurations = (
				D52D5CD018FE34C700B8C6B8 /* Debug */,
				D52D5CD118FE34C700B8C6B8 /* Release */,
			);
			defaultConfigurationIsVisible = 0;
			defaultConfigurationName = Release;
		};
		D52D5CD218FE34C700B8C6B8 /* Build configuration list for PBXNativeTarget "YLSY" */ = {
			isa = XCConfigurationList;
			buildConfigurations = (
				D52D5CD318FE34C700B8C6B8 /* Debug */,
				D52D5CD418FE34C700B8C6B8 /* Release */,
			);
			defaultConfigurationIsVisible = 0;
		};
		D52D5CD518FE34C700B8C6B8 /* Build configuration list for PBXNativeTarget "YLSYTests" */ = {
			isa = XCConfigurationList;
			buildConfigurations = (
				D52D5CD618FE34C700B8C6B8 /* Debug */,
				D52D5CD718FE34C700B8C6B8 /* Release */,
			);
			defaultConfigurationIsVisible = 0;
		};
/* End XCConfigurationList section */
	};
	rootObject = D52D5C9818FE34C700B8C6B8 /* Project object */;
}
