// !$*UTF8*$!
{
	archiveVersion = 1;
	classes = {
	};
	objectVersion = 46;
	objects = {

/* Begin PBXBuildFile section */
		D5083B9B1900C3C2001083E0 /* Reachability.m in Sources */ = {isa = PBXBuildFile; fileRef = D5083B9A1900C3C2001083E0 /* Reachability.m */; };
		D52D5CA418FE34C700B8C6B8 /* Foundation.framework in Frameworks */ = {isa = PBXBuildFile; fileRef = D52D5CA318FE34C700B8C6B8 /* Foundation.framework */; };
		D52D5CA618FE34C700B8C6B8 /* CoreGraphics.framework in Frameworks */ = {isa = PBXBuildFile; fileRef = D52D5CA518FE34C700B8C6B8 /* CoreGraphics.framework */; };
		D52D5CA818FE34C700B8C6B8 /* UIKit.framework in Frameworks */ = {isa = PBXBuildFile; fileRef = D52D5CA718FE34C700B8C6B8 /* UIKit.framework */; };
		D52D5CAE18FE34C700B8C6B8 /* InfoPlist.strings in Resources */ = {isa = PBXBuildFile; fileRef = D52D5CAC18FE34C700B8C6B8 /* InfoPlist.strings */; };
		D52D5CB018FE34C700B8C6B8 /* main.m in Sources */ = {isa = PBXBuildFile; fileRef = D52D5CAF18FE34C700B8C6B8 /* main.m */; };
		D52D5CB418FE34C700B8C6B8 /* AppDelegate.m in Sources */ = {isa = PBXBuildFile; fileRef = D52D5CB318FE34C700B8C6B8 /* AppDelegate.m */; };
		D52D5CB718FE34C700B8C6B8 /* Main.storyboard in Resources */ = {isa = PBXBuildFile; fileRef = D52D5CB518FE34C700B8C6B8 /* Main.storyboard */; };
		D52D5CBA18FE34C700B8C6B8 /* ViewController.m in Sources */ = {isa = PBXBuildFile; fileRef = D52D5CB918FE34C700B8C6B8 /* ViewController.m */; };
		D52D5CBC18FE34C700B8C6B8 /* Images.xcassets in Resources */ = {isa = PBXBuildFile; fileRef = D52D5CBB18FE34C700B8C6B8 /* Images.xcassets */; };
		D52D5CC318FE34C700B8C6B8 /* XCTest.framework in Frameworks */ = {isa = PBXBuildFile; fileRef = D52D5CC218FE34C700B8C6B8 /* XCTest.framework */; };
		D52D5CC418FE34C700B8C6B8 /* Foundation.framework in Frameworks */ = {isa = PBXBuildFile; fileRef = D52D5CA318FE34C700B8C6B8 /* Foundation.framework */; };
		D52D5CC518FE34C700B8C6B8 /* UIKit.framework in Frameworks */ = {isa = PBXBuildFile; fileRef = D52D5CA718FE34C700B8C6B8 /* UIKit.framework */; };
		D52D5CCD18FE34C700B8C6B8 /* InfoPlist.strings in Resources */ = {isa = PBXBuildFile; fileRef = D52D5CCB18FE34C700B8C6B8 /* InfoPlist.strings */; };
		D52D5CCF18FE34C700B8C6B8 /* YLSYTests.m in Sources */ = {isa = PBXBuildFile; fileRef = D52D5CCE18FE34C700B8C6B8 /* YLSYTests.m */; };
		D52D5CF118FE5AA100B8C6B8 /* AFHTTPRequestOperation.m in Sources */ = {isa = PBXBuildFile; fileRef = D52D5CDF18FE5AA100B8C6B8 /* AFHTTPRequestOperation.m */; };
		D52D5CF218FE5AA100B8C6B8 /* AFHTTPRequestOperationManager.m in Sources */ = {isa = PBXBuildFile; fileRef = D52D5CE118FE5AA100B8C6B8 /* AFHTTPRequestOperationManager.m */; };
		D52D5CF318FE5AA100B8C6B8 /* AFHTTPSessionManager.m in Sources */ = {isa = PBXBuildFile; fileRef = D52D5CE318FE5AA100B8C6B8 /* AFHTTPSessionManager.m */; };
		D52D5CF418FE5AA100B8C6B8 /* AFNetworkReachabilityManager.m in Sources */ = {isa = PBXBuildFile; fileRef = D52D5CE618FE5AA100B8C6B8 /* AFNetworkReachabilityManager.m */; };
		D52D5CF518FE5AA100B8C6B8 /* AFSecurityPolicy.m in Sources */ = {isa = PBXBuildFile; fileRef = D52D5CE818FE5AA100B8C6B8 /* AFSecurityPolicy.m */; };
		D52D5CF618FE5AA100B8C6B8 /* AFURLConnectionOperation.m in Sources */ = {isa = PBXBuildFile; fileRef = D52D5CEA18FE5AA100B8C6B8 /* AFURLConnectionOperation.m */; };
		D52D5CF718FE5AA100B8C6B8 /* AFURLRequestSerialization.m in Sources */ = {isa = PBXBuildFile; fileRef = D52D5CEC18FE5AA100B8C6B8 /* AFURLRequestSerialization.m */; };
		D52D5CF818FE5AA100B8C6B8 /* AFURLResponseSerialization.m in Sources */ = {isa = PBXBuildFile; fileRef = D52D5CEE18FE5AA100B8C6B8 /* AFURLResponseSerialization.m */; };
		D52D5CF918FE5AA100B8C6B8 /* AFURLSessionManager.m in Sources */ = {isa = PBXBuildFile; fileRef = D52D5CF018FE5AA100B8C6B8 /* AFURLSessionManager.m */; };
		D52D5D0118FE5E8D00B8C6B8 /* libGoogleAnalyticsServices.a in Frameworks */ = {isa = PBXBuildFile; fileRef = D52D5D0018FE5E8D00B8C6B8 /* libGoogleAnalyticsServices.a */; };
		D52D5D0318FE5EB800B8C6B8 /* AdSupport.framework in Frameworks */ = {isa = PBXBuildFile; fileRef = D52D5D0218FE5EB800B8C6B8 /* AdSupport.framework */; };
		D52D5D0718FE5EF100B8C6B8 /* SystemConfiguration.framework in Frameworks */ = {isa = PBXBuildFile; fileRef = D52D5D0618FE5EF100B8C6B8 /* SystemConfiguration.framework */; };
		D52D5D0918FE5EFC00B8C6B8 /* CoreData.framework in Frameworks */ = {isa = PBXBuildFile; fileRef = D52D5D0818FE5EFC00B8C6B8 /* CoreData.framework */; };
		D52D5D1518FE615300B8C6B8 /* FMDatabase.m in Sources */ = {isa = PBXBuildFile; fileRef = D52D5D0B18FE615300B8C6B8 /* FMDatabase.m */; };
		D52D5D1618FE615300B8C6B8 /* FMDatabaseAdditions.m in Sources */ = {isa = PBXBuildFile; fileRef = D52D5D0D18FE615300B8C6B8 /* FMDatabaseAdditions.m */; };
		D52D5D1718FE615300B8C6B8 /* FMDatabasePool.m in Sources */ = {isa = PBXBuildFile; fileRef = D52D5D0F18FE615300B8C6B8 /* FMDatabasePool.m */; };
		D52D5D1818FE615300B8C6B8 /* FMDatabaseQueue.m in Sources */ = {isa = PBXBuildFile; fileRef = D52D5D1118FE615300B8C6B8 /* FMDatabaseQueue.m */; };
		D52D5D1918FE615300B8C6B8 /* FMResultSet.m in Sources */ = {isa = PBXBuildFile; fileRef = D52D5D1418FE615300B8C6B8 /* FMResultSet.m */; };
		D52D5D7B18FE64E700B8C6B8 /* JSONModel+CoreData.m in Sources */ = {isa = PBXBuildFile; fileRef = D52D5D6218FE64E700B8C6B8 /* JSONModel+CoreData.m */; };
		D52D5D7C18FE64E700B8C6B8 /* JSONModel.m in Sources */ = {isa = PBXBuildFile; fileRef = D52D5D6418FE64E700B8C6B8 /* JSONModel.m */; };
		D52D5D7D18FE64E700B8C6B8 /* JSONModelArray.m in Sources */ = {isa = PBXBuildFile; fileRef = D52D5D6618FE64E700B8C6B8 /* JSONModelArray.m */; };
		D52D5D7E18FE64E700B8C6B8 /* JSONModelClassProperty.m in Sources */ = {isa = PBXBuildFile; fileRef = D52D5D6818FE64E700B8C6B8 /* JSONModelClassProperty.m */; };
		D52D5D7F18FE64E700B8C6B8 /* JSONModelError.m in Sources */ = {isa = PBXBuildFile; fileRef = D52D5D6A18FE64E700B8C6B8 /* JSONModelError.m */; };
		D52D5D8018FE64E700B8C6B8 /* NSArray+JSONModel.m in Sources */ = {isa = PBXBuildFile; fileRef = D52D5D6D18FE64E700B8C6B8 /* NSArray+JSONModel.m */; };
		D52D5D8118FE64E700B8C6B8 /* JSONAPI.m in Sources */ = {isa = PBXBuildFile; fileRef = D52D5D7118FE64E700B8C6B8 /* JSONAPI.m */; };
		D52D5D8218FE64E700B8C6B8 /* JSONHTTPClient.m in Sources */ = {isa = PBXBuildFile; fileRef = D52D5D7318FE64E700B8C6B8 /* JSONHTTPClient.m */; };
		D52D5D8318FE64E700B8C6B8 /* JSONModel+networking.m in Sources */ = {isa = PBXBuildFile; fileRef = D52D5D7518FE64E700B8C6B8 /* JSONModel+networking.m */; };
		D52D5D8418FE64E700B8C6B8 /* JSONKeyMapper.m in Sources */ = {isa = PBXBuildFile; fileRef = D52D5D7818FE64E700B8C6B8 /* JSONKeyMapper.m */; };
		D52D5D8518FE64E700B8C6B8 /* JSONValueTransformer.m in Sources */ = {isa = PBXBuildFile; fileRef = D52D5D7A18FE64E700B8C6B8 /* JSONValueTransformer.m */; };
		D52D5D9E18FE689C00B8C6B8 /* 1historybackground.jpg in Resources */ = {isa = PBXBuildFile; fileRef = D52D5D8718FE689C00B8C6B8 /* 1historybackground.jpg */; };
		D52D5D9F18FE689C00B8C6B8 /* artifacts.jpg in Resources */ = {isa = PBXBuildFile; fileRef = D52D5D8818FE689C00B8C6B8 /* artifacts.jpg */; };
		D52D5DA018FE689C00B8C6B8 /* historybackground.jpg in Resources */ = {isa = PBXBuildFile; fileRef = D52D5D8918FE689C00B8C6B8 /* historybackground.jpg */; };
		D52D5DA118FE689C00B8C6B8 /* humanitybackground.jpg in Resources */ = {isa = PBXBuildFile; fileRef = D52D5D8A18FE689C00B8C6B8 /* humanitybackground.jpg */; };
		D52D5DA218FE689C00B8C6B8 /* landscapes.jpg in Resources */ = {isa = PBXBuildFile; fileRef = D52D5D8B18FE689C00B8C6B8 /* landscapes.jpg */; };
		D52D5DA318FE689C00B8C6B8 /* pic1.png in Resources */ = {isa = PBXBuildFile; fileRef = D52D5D8C18FE689C00B8C6B8 /* pic1.png */; };
		D52D5DA418FE689C00B8C6B8 /* pic2.png in Resources */ = {isa = PBXBuildFile; fileRef = D52D5D8D18FE689C00B8C6B8 /* pic2.png */; };
		D52D5DA518FE689C00B8C6B8 /* pic3.png in Resources */ = {isa = PBXBuildFile; fileRef = D52D5D8E18FE689C00B8C6B8 /* pic3.png */; };
		D52D5DA618FE689C00B8C6B8 /* pic4.png in Resources */ = {isa = PBXBuildFile; fileRef = D52D5D8F18FE689C00B8C6B8 /* pic4.png */; };
		D52D5DA718FE689C00B8C6B8 /* pic5.png in Resources */ = {isa = PBXBuildFile; fileRef = D52D5D9018FE689C00B8C6B8 /* pic5.png */; };
		D52D5DA818FE689C00B8C6B8 /* pic6.png in Resources */ = {isa = PBXBuildFile; fileRef = D52D5D9118FE689C00B8C6B8 /* pic6.png */; };
		D52D5DA918FE689C00B8C6B8 /* pic7.png in Resources */ = {isa = PBXBuildFile; fileRef = D52D5D9218FE689C00B8C6B8 /* pic7.png */; };
		D52D5DAA18FE689C00B8C6B8 /* pic8.png in Resources */ = {isa = PBXBuildFile; fileRef = D52D5D9318FE689C00B8C6B8 /* pic8.png */; };
		D52D5DAB18FE689C00B8C6B8 /* pic9.png in Resources */ = {isa = PBXBuildFile; fileRef = D52D5D9418FE689C00B8C6B8 /* pic9.png */; };
		D52D5DAC18FE689C00B8C6B8 /* pic10.png in Resources */ = {isa = PBXBuildFile; fileRef = D52D5D9518FE689C00B8C6B8 /* pic10.png */; };
		D52D5DAD18FE689C00B8C6B8 /* pic11.png in Resources */ = {isa = PBXBuildFile; fileRef = D52D5D9618FE689C00B8C6B8 /* pic11.png */; };
		D52D5DAE18FE689C00B8C6B8 /* pic12.png in Resources */ = {isa = PBXBuildFile; fileRef = D52D5D9718FE689C00B8C6B8 /* pic12.png */; };
		D52D5DAF18FE689C00B8C6B8 /* pic13.png in Resources */ = {isa = PBXBuildFile; fileRef = D52D5D9818FE689C00B8C6B8 /* pic13.png */; };
		D52D5DB018FE689C00B8C6B8 /* pic14.png in Resources */ = {isa = PBXBuildFile; fileRef = D52D5D9918FE689C00B8C6B8 /* pic14.png */; };
		D52D5DB118FE689C00B8C6B8 /* pic16.png in Resources */ = {isa = PBXBuildFile; fileRef = D52D5D9A18FE689C00B8C6B8 /* pic16.png */; };
		D52D5DB218FE689C00B8C6B8 /* pic17.png in Resources */ = {isa = PBXBuildFile; fileRef = D52D5D9B18FE689C00B8C6B8 /* pic17.png */; };
		D52D5DB318FE689C00B8C6B8 /* pic18.png in Resources */ = {isa = PBXBuildFile; fileRef = D52D5D9C18FE689C00B8C6B8 /* pic18.png */; };
		D52D5DB718FE6F8300B8C6B8 /* SplashViewController.m in Sources */ = {isa = PBXBuildFile; fileRef = D52D5DB618FE6F8300B8C6B8 /* SplashViewController.m */; };
		D52D5DBB18FE7E7A00B8C6B8 /* history.jpg in Resources */ = {isa = PBXBuildFile; fileRef = D52D5DB818FE7E7A00B8C6B8 /* history.jpg */; };
		D52D5DBC18FE7E7A00B8C6B8 /* humanity.jpg in Resources */ = {isa = PBXBuildFile; fileRef = D52D5DB918FE7E7A00B8C6B8 /* humanity.jpg */; };
		D52D5DBD18FE7E7A00B8C6B8 /* topbackground.jpg in Resources */ = {isa = PBXBuildFile; fileRef = D52D5DBA18FE7E7A00B8C6B8 /* topbackground.jpg */; };
		D53067AC18FE9263003D84ED /* ioapi.c in Sources */ = {isa = PBXBuildFile; fileRef = D53067A218FE9263003D84ED /* ioapi.c */; };
		D53067AD18FE9263003D84ED /* mztools.c in Sources */ = {isa = PBXBuildFile; fileRef = D53067A418FE9263003D84ED /* mztools.c */; };
		D53067AE18FE9263003D84ED /* unzip.c in Sources */ = {isa = PBXBuildFile; fileRef = D53067A618FE9263003D84ED /* unzip.c */; };
		D53067AF18FE9263003D84ED /* zip.c in Sources */ = {isa = PBXBuildFile; fileRef = D53067A818FE9263003D84ED /* zip.c */; };
		D53067B018FE9263003D84ED /* ZipArchive.m in Sources */ = {isa = PBXBuildFile; fileRef = D53067AB18FE9263003D84ED /* ZipArchive.m */; settings = {COMPILER_FLAGS = "-fno-objc-arc"; }; };
		D565F24818FE8FBF009710AF /* libxml2.2.dylib in Frameworks */ = {isa = PBXBuildFile; fileRef = D565F24718FE8FBF009710AF /* libxml2.2.dylib */; };
		D565F24A18FE8FD1009710AF /* libsqlite3.0.dylib in Frameworks */ = {isa = PBXBuildFile; fileRef = D565F24918FE8FD1009710AF /* libsqlite3.0.dylib */; };
		D59DAEC718FE8EE800B06DD8 /* AudioToolbox.framework in Frameworks */ = {isa = PBXBuildFile; fileRef = D59DAEC618FE8EE800B06DD8 /* AudioToolbox.framework */; };
		D59DAEC918FE8F2300B06DD8 /* libz.1.2.5.dylib in Frameworks */ = {isa = PBXBuildFile; fileRef = D59DAEC818FE8F2300B06DD8 /* libz.1.2.5.dylib */; };
		D5E1C33D1904CC660019E05B /* Localizable.strings in Resources */ = {isa = PBXBuildFile; fileRef = D5E1C33F1904CC660019E05B /* Localizable.strings */; };
		D5E1C3481904D2D50019E05B /* History.xib in Resources */ = {isa = PBXBuildFile; fileRef = D5E1C3471904D2D50019E05B /* History.xib */; };
		D5E1C34A1904D6180019E05B /* Landscape.xib in Resources */ = {isa = PBXBuildFile; fileRef = D5E1C3491904D6180019E05B /* Landscape.xib */; };
		D5E1C34C1904D6290019E05B /* Humanity.xib in Resources */ = {isa = PBXBuildFile; fileRef = D5E1C34B1904D6290019E05B /* Humanity.xib */; };
		D5E1C34E1904D6370019E05B /* Story.xib in Resources */ = {isa = PBXBuildFile; fileRef = D5E1C34D1904D6370019E05B /* Story.xib */; };
/* End PBXBuildFile section */

/* Begin PBXContainerItemProxy section */
		D52D5CC618FE34C700B8C6B8 /* PBXContainerItemProxy */ = {
			isa = PBXContainerItemProxy;
			containerPortal = D52D5C9818FE34C700B8C6B8 /* Project object */;
			proxyType = 1;
			remoteGlobalIDString = D52D5C9F18FE34C700B8C6B8;
			remoteInfo = YLSY;
		};
/* End PBXContainerItemProxy section */

/* Begin PBXFileReference section */
		D5083B991900C3C2001083E0 /* Reachability.h */ = {isa = PBXFileReference; fileEncoding = 4; lastKnownFileType = sourcecode.c.h; path = Reachability.h; sourceTree = "<group>"; };
		D5083B9A1900C3C2001083E0 /* Reachability.m */ = {isa = PBXFileReference; fileEncoding = 4; lastKnownFileType = sourcecode.c.objc; path = Reachability.m; sourceTree = "<group>"; };
		D52D5CA018FE34C700B8C6B8 /* YLSY.app */ = {isa = PBXFileReference; explicitFileType = wrapper.application; includeInIndex = 0; path = YLSY.app; sourceTree = BUILT_PRODUCTS_DIR; };
		D52D5CA318FE34C700B8C6B8 /* Foundation.framework */ = {isa = PBXFileReference; lastKnownFileType = wrapper.framework; name = Foundation.framework; path = System/Library/Frameworks/Foundation.framework; sourceTree = SDKROOT; };
		D52D5CA518FE34C700B8C6B8 /* CoreGraphics.framework */ = {isa = PBXFileReference; lastKnownFileType = wrapper.framework; name = CoreGraphics.framework; path = System/Library/Frameworks/CoreGraphics.framework; sourceTree = SDKROOT; };
		D52D5CA718FE34C700B8C6B8 /* UIKit.framework */ = {isa = PBXFileReference; lastKnownFileType = wrapper.framework; name = UIKit.framework; path = System/Library/Frameworks/UIKit.framework; sourceTree = SDKROOT; };
		D52D5CAB18FE34C700B8C6B8 /* YLSY-Info.plist */ = {isa = PBXFileReference; lastKnownFileType = text.plist.xml; path = "YLSY-Info.plist"; sourceTree = "<group>"; };
		D52D5CAD18FE34C700B8C6B8 /* en */ = {isa = PBXFileReference; lastKnownFileType = text.plist.strings; name = en; path = en.lproj/InfoPlist.strings; sourceTree = "<group>"; };
		D52D5CAF18FE34C700B8C6B8 /* main.m */ = {isa = PBXFileReference; lastKnownFileType = sourcecode.c.objc; path = main.m; sourceTree = "<group>"; };
		D52D5CB118FE34C700B8C6B8 /* YLSY-Prefix.pch */ = {isa = PBXFileReference; lastKnownFileType = sourcecode.c.h; path = "YLSY-Prefix.pch"; sourceTree = "<group>"; };
		D52D5CB218FE34C700B8C6B8 /* AppDelegate.h */ = {isa = PBXFileReference; lastKnownFileType = sourcecode.c.h; path = AppDelegate.h; sourceTree = "<group>"; };
		D52D5CB318FE34C700B8C6B8 /* AppDelegate.m */ = {isa = PBXFileReference; lastKnownFileType = sourcecode.c.objc; path = AppDelegate.m; sourceTree = "<group>"; };
		D52D5CB618FE34C700B8C6B8 /* Base */ = {isa = PBXFileReference; lastKnownFileType = file.storyboard; name = Base; path = Base.lproj/Main.storyboard; sourceTree = "<group>"; };
		D52D5CB818FE34C700B8C6B8 /* ViewController.h */ = {isa = PBXFileReference; lastKnownFileType = sourcecode.c.h; path = ViewController.h; sourceTree = "<group>"; };
		D52D5CB918FE34C700B8C6B8 /* ViewController.m */ = {isa = PBXFileReference; lastKnownFileType = sourcecode.c.objc; path = ViewController.m; sourceTree = "<group>"; };
		D52D5CBB18FE34C700B8C6B8 /* Images.xcassets */ = {isa = PBXFileReference; lastKnownFileType = folder.assetcatalog; path = Images.xcassets; sourceTree = "<group>"; };
		D52D5CC118FE34C700B8C6B8 /* YLSYTests.xctest */ = {isa = PBXFileReference; explicitFileType = wrapper.cfbundle; includeInIndex = 0; path = YLSYTests.xctest; sourceTree = BUILT_PRODUCTS_DIR; };
		D52D5CC218FE34C700B8C6B8 /* XCTest.framework */ = {isa = PBXFileReference; lastKnownFileType = wrapper.framework; name = XCTest.framework; path = Library/Frameworks/XCTest.framework; sourceTree = DEVELOPER_DIR; };
		D52D5CCA18FE34C700B8C6B8 /* YLSYTests-Info.plist */ = {isa = PBXFileReference; lastKnownFileType = text.plist.xml; path = "YLSYTests-Info.plist"; sourceTree = "<group>"; };
		D52D5CCC18FE34C700B8C6B8 /* en */ = {isa = PBXFileReference; lastKnownFileType = text.plist.strings; name = en; path = en.lproj/InfoPlist.strings; sourceTree = "<group>"; };
		D52D5CCE18FE34C700B8C6B8 /* YLSYTests.m */ = {isa = PBXFileReference; lastKnownFileType = sourcecode.c.objc; path = YLSYTests.m; sourceTree = "<group>"; };
		D52D5CDE18FE5AA100B8C6B8 /* AFHTTPRequestOperation.h */ = {isa = PBXFileReference; fileEncoding = 4; lastKnownFileType = sourcecode.c.h; path = AFHTTPRequestOperation.h; sourceTree = "<group>"; };
		D52D5CDF18FE5AA100B8C6B8 /* AFHTTPRequestOperation.m */ = {isa = PBXFileReference; fileEncoding = 4; lastKnownFileType = sourcecode.c.objc; path = AFHTTPRequestOperation.m; sourceTree = "<group>"; };
		D52D5CE018FE5AA100B8C6B8 /* AFHTTPRequestOperationManager.h */ = {isa = PBXFileReference; fileEncoding = 4; lastKnownFileType = sourcecode.c.h; path = AFHTTPRequestOperationManager.h; sourceTree = "<group>"; };
		D52D5CE118FE5AA100B8C6B8 /* AFHTTPRequestOperationManager.m */ = {isa = PBXFileReference; fileEncoding = 4; lastKnownFileType = sourcecode.c.objc; path = AFHTTPRequestOperationManager.m; sourceTree = "<group>"; };
		D52D5CE218FE5AA100B8C6B8 /* AFHTTPSessionManager.h */ = {isa = PBXFileReference; fileEncoding = 4; lastKnownFileType = sourcecode.c.h; path = AFHTTPSessionManager.h; sourceTree = "<group>"; };
		D52D5CE318FE5AA100B8C6B8 /* AFHTTPSessionManager.m */ = {isa = PBXFileReference; fileEncoding = 4; lastKnownFileType = sourcecode.c.objc; path = AFHTTPSessionManager.m; sourceTree = "<group>"; };
		D52D5CE418FE5AA100B8C6B8 /* AFNetworking.h */ = {isa = PBXFileReference; fileEncoding = 4; lastKnownFileType = sourcecode.c.h; path = AFNetworking.h; sourceTree = "<group>"; };
		D52D5CE518FE5AA100B8C6B8 /* AFNetworkReachabilityManager.h */ = {isa = PBXFileReference; fileEncoding = 4; lastKnownFileType = sourcecode.c.h; path = AFNetworkReachabilityManager.h; sourceTree = "<group>"; };
		D52D5CE618FE5AA100B8C6B8 /* AFNetworkReachabilityManager.m */ = {isa = PBXFileReference; fileEncoding = 4; lastKnownFileType = sourcecode.c.objc; path = AFNetworkReachabilityManager.m; sourceTree = "<group>"; };
		D52D5CE718FE5AA100B8C6B8 /* AFSecurityPolicy.h */ = {isa = PBXFileReference; fileEncoding = 4; lastKnownFileType = sourcecode.c.h; path = AFSecurityPolicy.h; sourceTree = "<group>"; };
		D52D5CE818FE5AA100B8C6B8 /* AFSecurityPolicy.m */ = {isa = PBXFileReference; fileEncoding = 4; lastKnownFileType = sourcecode.c.objc; path = AFSecurityPolicy.m; sourceTree = "<group>"; };
		D52D5CE918FE5AA100B8C6B8 /* AFURLConnectionOperation.h */ = {isa = PBXFileReference; fileEncoding = 4; lastKnownFileType = sourcecode.c.h; path = AFURLConnectionOperation.h; sourceTree = "<group>"; };
		D52D5CEA18FE5AA100B8C6B8 /* AFURLConnectionOperation.m */ = {isa = PBXFileReference; fileEncoding = 4; lastKnownFileType = sourcecode.c.objc; path = AFURLConnectionOperation.m; sourceTree = "<group>"; };
		D52D5CEB18FE5AA100B8C6B8 /* AFURLRequestSerialization.h */ = {isa = PBXFileReference; fileEncoding = 4; lastKnownFileType = sourcecode.c.h; path = AFURLRequestSerialization.h; sourceTree = "<group>"; };
		D52D5CEC18FE5AA100B8C6B8 /* AFURLRequestSerialization.m */ = {isa = PBXFileReference; fileEncoding = 4; lastKnownFileType = sourcecode.c.objc; path = AFURLRequestSerialization.m; sourceTree = "<group>"; };
		D52D5CED18FE5AA100B8C6B8 /* AFURLResponseSerialization.h */ = {isa = PBXFileReference; fileEncoding = 4; lastKnownFileType = sourcecode.c.h; path = AFURLResponseSerialization.h; sourceTree = "<group>"; };
		D52D5CEE18FE5AA100B8C6B8 /* AFURLResponseSerialization.m */ = {isa = PBXFileReference; fileEncoding = 4; lastKnownFileType = sourcecode.c.objc; path = AFURLResponseSerialization.m; sourceTree = "<group>"; };
		D52D5CEF18FE5AA100B8C6B8 /* AFURLSessionManager.h */ = {isa = PBXFileReference; fileEncoding = 4; lastKnownFileType = sourcecode.c.h; path = AFURLSessionManager.h; sourceTree = "<group>"; };
		D52D5CF018FE5AA100B8C6B8 /* AFURLSessionManager.m */ = {isa = PBXFileReference; fileEncoding = 4; lastKnownFileType = sourcecode.c.objc; path = AFURLSessionManager.m; sourceTree = "<group>"; };
		D52D5CFA18FE5E4D00B8C6B8 /* GAI.h */ = {isa = PBXFileReference; fileEncoding = 4; lastKnownFileType = sourcecode.c.h; path = GAI.h; sourceTree = "<group>"; };
		D52D5CFB18FE5E4D00B8C6B8 /* GAIDictionaryBuilder.h */ = {isa = PBXFileReference; fileEncoding = 4; lastKnownFileType = sourcecode.c.h; path = GAIDictionaryBuilder.h; sourceTree = "<group>"; };
		D52D5CFC18FE5E4D00B8C6B8 /* GAIFields.h */ = {isa = PBXFileReference; fileEncoding = 4; lastKnownFileType = sourcecode.c.h; path = GAIFields.h; sourceTree = "<group>"; };
		D52D5CFD18FE5E4D00B8C6B8 /* GAILogger.h */ = {isa = PBXFileReference; fileEncoding = 4; lastKnownFileType = sourcecode.c.h; path = GAILogger.h; sourceTree = "<group>"; };
		D52D5CFE18FE5E4D00B8C6B8 /* GAITrackedViewController.h */ = {isa = PBXFileReference; fileEncoding = 4; lastKnownFileType = sourcecode.c.h; path = GAITrackedViewController.h; sourceTree = "<group>"; };
		D52D5CFF18FE5E4D00B8C6B8 /* GAITracker.h */ = {isa = PBXFileReference; fileEncoding = 4; lastKnownFileType = sourcecode.c.h; path = GAITracker.h; sourceTree = "<group>"; };
		D52D5D0018FE5E8D00B8C6B8 /* libGoogleAnalyticsServices.a */ = {isa = PBXFileReference; lastKnownFileType = archive.ar; name = libGoogleAnalyticsServices.a; path = "../../../../MAC_DATA/第三方组件/GoogleAnalyticsServicesiOS_3.06/libGoogleAnalyticsServices.a"; sourceTree = "<group>"; };
		D52D5D0218FE5EB800B8C6B8 /* AdSupport.framework */ = {isa = PBXFileReference; lastKnownFileType = wrapper.framework; name = AdSupport.framework; path = System/Library/Frameworks/AdSupport.framework; sourceTree = SDKROOT; };
		D52D5D0418FE5ED700B8C6B8 /* libz.dylib */ = {isa = PBXFileReference; lastKnownFileType = "compiled.mach-o.dylib"; name = libz.dylib; path = usr/lib/libz.dylib; sourceTree = SDKROOT; };
		D52D5D0618FE5EF100B8C6B8 /* SystemConfiguration.framework */ = {isa = PBXFileReference; lastKnownFileType = wrapper.framework; name = SystemConfiguration.framework; path = System/Library/Frameworks/SystemConfiguration.framework; sourceTree = SDKROOT; };
		D52D5D0818FE5EFC00B8C6B8 /* CoreData.framework */ = {isa = PBXFileReference; lastKnownFileType = wrapper.framework; name = CoreData.framework; path = System/Library/Frameworks/CoreData.framework; sourceTree = SDKROOT; };
		D52D5D0A18FE615300B8C6B8 /* FMDatabase.h */ = {isa = PBXFileReference; fileEncoding = 4; lastKnownFileType = sourcecode.c.h; path = FMDatabase.h; sourceTree = "<group>"; };
		D52D5D0B18FE615300B8C6B8 /* FMDatabase.m */ = {isa = PBXFileReference; fileEncoding = 4; lastKnownFileType = sourcecode.c.objc; path = FMDatabase.m; sourceTree = "<group>"; };
		D52D5D0C18FE615300B8C6B8 /* FMDatabaseAdditions.h */ = {isa = PBXFileReference; fileEncoding = 4; lastKnownFileType = sourcecode.c.h; path = FMDatabaseAdditions.h; sourceTree = "<group>"; };
		D52D5D0D18FE615300B8C6B8 /* FMDatabaseAdditions.m */ = {isa = PBXFileReference; fileEncoding = 4; lastKnownFileType = sourcecode.c.objc; path = FMDatabaseAdditions.m; sourceTree = "<group>"; };
		D52D5D0E18FE615300B8C6B8 /* FMDatabasePool.h */ = {isa = PBXFileReference; fileEncoding = 4; lastKnownFileType = sourcecode.c.h; path = FMDatabasePool.h; sourceTree = "<group>"; };
		D52D5D0F18FE615300B8C6B8 /* FMDatabasePool.m */ = {isa = PBXFileReference; fileEncoding = 4; lastKnownFileType = sourcecode.c.objc; path = FMDatabasePool.m; sourceTree = "<group>"; };
		D52D5D1018FE615300B8C6B8 /* FMDatabaseQueue.h */ = {isa = PBXFileReference; fileEncoding = 4; lastKnownFileType = sourcecode.c.h; path = FMDatabaseQueue.h; sourceTree = "<group>"; };
		D52D5D1118FE615300B8C6B8 /* FMDatabaseQueue.m */ = {isa = PBXFileReference; fileEncoding = 4; lastKnownFileType = sourcecode.c.objc; path = FMDatabaseQueue.m; sourceTree = "<group>"; };
		D52D5D1218FE615300B8C6B8 /* FMDB.h */ = {isa = PBXFileReference; fileEncoding = 4; lastKnownFileType = sourcecode.c.h; path = FMDB.h; sourceTree = "<group>"; };
		D52D5D1318FE615300B8C6B8 /* FMResultSet.h */ = {isa = PBXFileReference; fileEncoding = 4; lastKnownFileType = sourcecode.c.h; path = FMResultSet.h; sourceTree = "<group>"; };
		D52D5D1418FE615300B8C6B8 /* FMResultSet.m */ = {isa = PBXFileReference; fileEncoding = 4; lastKnownFileType = sourcecode.c.objc; path = FMResultSet.m; sourceTree = "<group>"; };
		D52D5D6118FE64E700B8C6B8 /* JSONModel+CoreData.h */ = {isa = PBXFileReference; fileEncoding = 4; lastKnownFileType = sourcecode.c.h; path = "JSONModel+CoreData.h"; sourceTree = "<group>"; };
		D52D5D6218FE64E700B8C6B8 /* JSONModel+CoreData.m */ = {isa = PBXFileReference; fileEncoding = 4; lastKnownFileType = sourcecode.c.objc; path = "JSONModel+CoreData.m"; sourceTree = "<group>"; };
		D52D5D6318FE64E700B8C6B8 /* JSONModel.h */ = {isa = PBXFileReference; fileEncoding = 4; lastKnownFileType = sourcecode.c.h; path = JSONModel.h; sourceTree = "<group>"; };
		D52D5D6418FE64E700B8C6B8 /* JSONModel.m */ = {isa = PBXFileReference; fileEncoding = 4; lastKnownFileType = sourcecode.c.objc; path = JSONModel.m; sourceTree = "<group>"; };
		D52D5D6518FE64E700B8C6B8 /* JSONModelArray.h */ = {isa = PBXFileReference; fileEncoding = 4; lastKnownFileType = sourcecode.c.h; path = JSONModelArray.h; sourceTree = "<group>"; };
		D52D5D6618FE64E700B8C6B8 /* JSONModelArray.m */ = {isa = PBXFileReference; fileEncoding = 4; lastKnownFileType = sourcecode.c.objc; path = JSONModelArray.m; sourceTree = "<group>"; };
		D52D5D6718FE64E700B8C6B8 /* JSONModelClassProperty.h */ = {isa = PBXFileReference; fileEncoding = 4; lastKnownFileType = sourcecode.c.h; path = JSONModelClassProperty.h; sourceTree = "<group>"; };
		D52D5D6818FE64E700B8C6B8 /* JSONModelClassProperty.m */ = {isa = PBXFileReference; fileEncoding = 4; lastKnownFileType = sourcecode.c.objc; path = JSONModelClassProperty.m; sourceTree = "<group>"; };
		D52D5D6918FE64E700B8C6B8 /* JSONModelError.h */ = {isa = PBXFileReference; fileEncoding = 4; lastKnownFileType = sourcecode.c.h; path = JSONModelError.h; sourceTree = "<group>"; };
		D52D5D6A18FE64E700B8C6B8 /* JSONModelError.m */ = {isa = PBXFileReference; fileEncoding = 4; lastKnownFileType = sourcecode.c.objc; path = JSONModelError.m; sourceTree = "<group>"; };
		D52D5D6C18FE64E700B8C6B8 /* NSArray+JSONModel.h */ = {isa = PBXFileReference; fileEncoding = 4; lastKnownFileType = sourcecode.c.h; path = "NSArray+JSONModel.h"; sourceTree = "<group>"; };
		D52D5D6D18FE64E700B8C6B8 /* NSArray+JSONModel.m */ = {isa = PBXFileReference; fileEncoding = 4; lastKnownFileType = sourcecode.c.objc; path = "NSArray+JSONModel.m"; sourceTree = "<group>"; };
		D52D5D6E18FE64E700B8C6B8 /* JSONModelLib.h */ = {isa = PBXFileReference; fileEncoding = 4; lastKnownFileType = sourcecode.c.h; path = JSONModelLib.h; sourceTree = "<group>"; };
		D52D5D7018FE64E700B8C6B8 /* JSONAPI.h */ = {isa = PBXFileReference; fileEncoding = 4; lastKnownFileType = sourcecode.c.h; path = JSONAPI.h; sourceTree = "<group>"; };
		D52D5D7118FE64E700B8C6B8 /* JSONAPI.m */ = {isa = PBXFileReference; fileEncoding = 4; lastKnownFileType = sourcecode.c.objc; path = JSONAPI.m; sourceTree = "<group>"; };
		D52D5D7218FE64E700B8C6B8 /* JSONHTTPClient.h */ = {isa = PBXFileReference; fileEncoding = 4; lastKnownFileType = sourcecode.c.h; path = JSONHTTPClient.h; sourceTree = "<group>"; };
		D52D5D7318FE64E700B8C6B8 /* JSONHTTPClient.m */ = {isa = PBXFileReference; fileEncoding = 4; lastKnownFileType = sourcecode.c.objc; path = JSONHTTPClient.m; sourceTree = "<group>"; };
		D52D5D7418FE64E700B8C6B8 /* JSONModel+networking.h */ = {isa = PBXFileReference; fileEncoding = 4; lastKnownFileType = sourcecode.c.h; path = "JSONModel+networking.h"; sourceTree = "<group>"; };
		D52D5D7518FE64E700B8C6B8 /* JSONModel+networking.m */ = {isa = PBXFileReference; fileEncoding = 4; lastKnownFileType = sourcecode.c.objc; path = "JSONModel+networking.m"; sourceTree = "<group>"; };
		D52D5D7718FE64E700B8C6B8 /* JSONKeyMapper.h */ = {isa = PBXFileReference; fileEncoding = 4; lastKnownFileType = sourcecode.c.h; path = JSONKeyMapper.h; sourceTree = "<group>"; };
		D52D5D7818FE64E700B8C6B8 /* JSONKeyMapper.m */ = {isa = PBXFileReference; fileEncoding = 4; lastKnownFileType = sourcecode.c.objc; path = JSONKeyMapper.m; sourceTree = "<group>"; };
		D52D5D7918FE64E700B8C6B8 /* JSONValueTransformer.h */ = {isa = PBXFileReference; fileEncoding = 4; lastKnownFileType = sourcecode.c.h; path = JSONValueTransformer.h; sourceTree = "<group>"; };
		D52D5D7A18FE64E700B8C6B8 /* JSONValueTransformer.m */ = {isa = PBXFileReference; fileEncoding = 4; lastKnownFileType = sourcecode.c.objc; path = JSONValueTransformer.m; sourceTree = "<group>"; };
		D52D5D8718FE689C00B8C6B8 /* 1historybackground.jpg */ = {isa = PBXFileReference; lastKnownFileType = image.jpeg; path = 1historybackground.jpg; sourceTree = "<group>"; };
		D52D5D8818FE689C00B8C6B8 /* artifacts.jpg */ = {isa = PBXFileReference; lastKnownFileType = image.jpeg; path = artifacts.jpg; sourceTree = "<group>"; };
		D52D5D8918FE689C00B8C6B8 /* historybackground.jpg */ = {isa = PBXFileReference; lastKnownFileType = image.jpeg; path = historybackground.jpg; sourceTree = "<group>"; };
		D52D5D8A18FE689C00B8C6B8 /* humanitybackground.jpg */ = {isa = PBXFileReference; lastKnownFileType = image.jpeg; path = humanitybackground.jpg; sourceTree = "<group>"; };
		D52D5D8B18FE689C00B8C6B8 /* landscapes.jpg */ = {isa = PBXFileReference; lastKnownFileType = image.jpeg; path = landscapes.jpg; sourceTree = "<group>"; };
		D52D5D8C18FE689C00B8C6B8 /* pic1.png */ = {isa = PBXFileReference; lastKnownFileType = image.png; path = pic1.png; sourceTree = "<group>"; };
		D52D5D8D18FE689C00B8C6B8 /* pic2.png */ = {isa = PBXFileReference; lastKnownFileType = image.png; path = pic2.png; sourceTree = "<group>"; };
		D52D5D8E18FE689C00B8C6B8 /* pic3.png */ = {isa = PBXFileReference; lastKnownFileType = image.png; path = pic3.png; sourceTree = "<group>"; };
		D52D5D8F18FE689C00B8C6B8 /* pic4.png */ = {isa = PBXFileReference; lastKnownFileType = image.png; path = pic4.png; sourceTree = "<group>"; };
		D52D5D9018FE689C00B8C6B8 /* pic5.png */ = {isa = PBXFileReference; lastKnownFileType = image.png; path = pic5.png; sourceTree = "<group>"; };
		D52D5D9118FE689C00B8C6B8 /* pic6.png */ = {isa = PBXFileReference; lastKnownFileType = image.png; path = pic6.png; sourceTree = "<group>"; };
		D52D5D9218FE689C00B8C6B8 /* pic7.png */ = {isa = PBXFileReference; lastKnownFileType = image.png; path = pic7.png; sourceTree = "<group>"; };
		D52D5D9318FE689C00B8C6B8 /* pic8.png */ = {isa = PBXFileReference; lastKnownFileType = image.png; path = pic8.png; sourceTree = "<group>"; };
		D52D5D9418FE689C00B8C6B8 /* pic9.png */ = {isa = PBXFileReference; lastKnownFileType = image.png; path = pic9.png; sourceTree = "<group>"; };
		D52D5D9518FE689C00B8C6B8 /* pic10.png */ = {isa = PBXFileReference; lastKnownFileType = image.png; path = pic10.png; sourceTree = "<group>"; };
		D52D5D9618FE689C00B8C6B8 /* pic11.png */ = {isa = PBXFileReference; lastKnownFileType = image.png; path = pic11.png; sourceTree = "<group>"; };
		D52D5D9718FE689C00B8C6B8 /* pic12.png */ = {isa = PBXFileReference; lastKnownFileType = image.png; path = pic12.png; sourceTree = "<group>"; };
		D52D5D9818FE689C00B8C6B8 /* pic13.png */ = {isa = PBXFileReference; lastKnownFileType = image.png; path = pic13.png; sourceTree = "<group>"; };
		D52D5D9918FE689C00B8C6B8 /* pic14.png */ = {isa = PBXFileReference; lastKnownFileType = image.png; path = pic14.png; sourceTree = "<group>"; };
		D52D5D9A18FE689C00B8C6B8 /* pic16.png */ = {isa = PBXFileReference; lastKnownFileType = image.png; path = pic16.png; sourceTree = "<group>"; };
		D52D5D9B18FE689C00B8C6B8 /* pic17.png */ = {isa = PBXFileReference; lastKnownFileType = image.png; path = pic17.png; sourceTree = "<group>"; };
		D52D5D9C18FE689C00B8C6B8 /* pic18.png */ = {isa = PBXFileReference; lastKnownFileType = image.png; path = pic18.png; sourceTree = "<group>"; };
		D52D5DB518FE6F8300B8C6B8 /* SplashViewController.h */ = {isa = PBXFileReference; fileEncoding = 4; lastKnownFileType = sourcecode.c.h; path = SplashViewController.h; sourceTree = "<group>"; };
		D52D5DB618FE6F8300B8C6B8 /* SplashViewController.m */ = {isa = PBXFileReference; fileEncoding = 4; lastKnownFileType = sourcecode.c.objc; path = SplashViewController.m; sourceTree = "<group>"; };
		D52D5DB818FE7E7A00B8C6B8 /* history.jpg */ = {isa = PBXFileReference; lastKnownFileType = image.jpeg; path = history.jpg; sourceTree = "<group>"; };
		D52D5DB918FE7E7A00B8C6B8 /* humanity.jpg */ = {isa = PBXFileReference; lastKnownFileType = image.jpeg; path = humanity.jpg; sourceTree = "<group>"; };
		D52D5DBA18FE7E7A00B8C6B8 /* topbackground.jpg */ = {isa = PBXFileReference; lastKnownFileType = image.jpeg; path = topbackground.jpg; sourceTree = "<group>"; };
		D53067A118FE9263003D84ED /* crypt.h */ = {isa = PBXFileReference; fileEncoding = 4; lastKnownFileType = sourcecode.c.h; path = crypt.h; sourceTree = "<group>"; };
		D53067A218FE9263003D84ED /* ioapi.c */ = {isa = PBXFileReference; fileEncoding = 4; lastKnownFileType = sourcecode.c.c; path = ioapi.c; sourceTree = "<group>"; };
		D53067A318FE9263003D84ED /* ioapi.h */ = {isa = PBXFileReference; fileEncoding = 4; lastKnownFileType = sourcecode.c.h; path = ioapi.h; sourceTree = "<group>"; };
		D53067A418FE9263003D84ED /* mztools.c */ = {isa = PBXFileReference; fileEncoding = 4; lastKnownFileType = sourcecode.c.c; path = mztools.c; sourceTree = "<group>"; };
		D53067A518FE9263003D84ED /* mztools.h */ = {isa = PBXFileReference; fileEncoding = 4; lastKnownFileType = sourcecode.c.h; path = mztools.h; sourceTree = "<group>"; };
		D53067A618FE9263003D84ED /* unzip.c */ = {isa = PBXFileReference; fileEncoding = 4; lastKnownFileType = sourcecode.c.c; path = unzip.c; sourceTree = "<group>"; };
		D53067A718FE9263003D84ED /* unzip.h */ = {isa = PBXFileReference; fileEncoding = 4; lastKnownFileType = sourcecode.c.h; path = unzip.h; sourceTree = "<group>"; };
		D53067A818FE9263003D84ED /* zip.c */ = {isa = PBXFileReference; fileEncoding = 4; lastKnownFileType = sourcecode.c.c; path = zip.c; sourceTree = "<group>"; };
		D53067A918FE9263003D84ED /* zip.h */ = {isa = PBXFileReference; fileEncoding = 4; lastKnownFileType = sourcecode.c.h; path = zip.h; sourceTree = "<group>"; };
		D53067AA18FE9263003D84ED /* ZipArchive.h */ = {isa = PBXFileReference; fileEncoding = 4; lastKnownFileType = sourcecode.c.h; path = ZipArchive.h; sourceTree = "<group>"; };
		D53067AB18FE9263003D84ED /* ZipArchive.m */ = {isa = PBXFileReference; fileEncoding = 4; lastKnownFileType = sourcecode.c.objc; path = ZipArchive.m; sourceTree = "<group>"; };
		D565F24718FE8FBF009710AF /* libxml2.2.dylib */ = {isa = PBXFileReference; lastKnownFileType = "compiled.mach-o.dylib"; name = libxml2.2.dylib; path = usr/lib/libxml2.2.dylib; sourceTree = SDKROOT; };
		D565F24918FE8FD1009710AF /* libsqlite3.0.dylib */ = {isa = PBXFileReference; lastKnownFileType = "compiled.mach-o.dylib"; name = libsqlite3.0.dylib; path = usr/lib/libsqlite3.0.dylib; sourceTree = SDKROOT; };
		D59DAEC618FE8EE800B06DD8 /* AudioToolbox.framework */ = {isa = PBXFileReference; lastKnownFileType = wrapper.framework; name = AudioToolbox.framework; path = System/Library/Frameworks/AudioToolbox.framework; sourceTree = SDKROOT; };
		D59DAEC818FE8F2300B06DD8 /* libz.1.2.5.dylib */ = {isa = PBXFileReference; lastKnownFileType = "compiled.mach-o.dylib"; name = libz.1.2.5.dylib; path = usr/lib/libz.1.2.5.dylib; sourceTree = SDKROOT; };
		D5E1C33A1904BF2A0019E05B /* zh-Hans */ = {isa = PBXFileReference; lastKnownFileType = text.plist.strings; name = "zh-Hans"; path = "zh-Hans.lproj/InfoPlist.strings"; sourceTree = "<group>"; };
		D5E1C33E1904CC660019E05B /* zh-Hans */ = {isa = PBXFileReference; lastKnownFileType = text.plist.strings; name = "zh-Hans"; path = "zh-Hans.lproj/Localizable.strings"; sourceTree = "<group>"; };
		D5E1C3401904CC6D0019E05B /* en */ = {isa = PBXFileReference; lastKnownFileType = text.plist.strings; name = en; path = en.lproj/Localizable.strings; sourceTree = "<group>"; };
		D5E1C3471904D2D50019E05B /* History.xib */ = {isa = PBXFileReference; fileEncoding = 4; lastKnownFileType = file.xib; path = History.xib; sourceTree = "<group>"; };
		D5E1C3491904D6180019E05B /* Landscape.xib */ = {isa = PBXFileReference; fileEncoding = 4; lastKnownFileType = file.xib; path = Landscape.xib; sourceTree = "<group>"; };
		D5E1C34B1904D6290019E05B /* Humanity.xib */ = {isa = PBXFileReference; fileEncoding = 4; lastKnownFileType = file.xib; path = Humanity.xib; sourceTree = "<group>"; };
		D5E1C34D1904D6370019E05B /* Story.xib */ = {isa = PBXFileReference; fileEncoding = 4; lastKnownFileType = file.xib; path = Story.xib; sourceTree = "<group>"; };
/* End PBXFileReference section */

/* Begin PBXFrameworksBuildPhase section */
		D52D5C9D18FE34C700B8C6B8 /* Frameworks */ = {
			isa = PBXFrameworksBuildPhase;
			buildActionMask = 2147483647;
			files = (
				D565F24A18FE8FD1009710AF /* libsqlite3.0.dylib in Frameworks */,
				D565F24818FE8FBF009710AF /* libxml2.2.dylib in Frameworks */,
				D59DAEC918FE8F2300B06DD8 /* libz.1.2.5.dylib in Frameworks */,
				D52D5D0918FE5EFC00B8C6B8 /* CoreData.framework in Frameworks */,
				D52D5D0718FE5EF100B8C6B8 /* SystemConfiguration.framework in Frameworks */,
				D52D5D0318FE5EB800B8C6B8 /* AdSupport.framework in Frameworks */,
				D52D5D0118FE5E8D00B8C6B8 /* libGoogleAnalyticsServices.a in Frameworks */,
				D59DAEC718FE8EE800B06DD8 /* AudioToolbox.framework in Frameworks */,
				D52D5CA618FE34C700B8C6B8 /* CoreGraphics.framework in Frameworks */,
				D52D5CA818FE34C700B8C6B8 /* UIKit.framework in Frameworks */,
				D52D5CA418FE34C700B8C6B8 /* Foundation.framework in Frameworks */,
			);
			runOnlyForDeploymentPostprocessing = 0;
		};
		D52D5CBE18FE34C700B8C6B8 /* Frameworks */ = {
			isa = PBXFrameworksBuildPhase;
			buildActionMask = 2147483647;
			files = (
				D52D5CC318FE34C700B8C6B8 /* XCTest.framework in Frameworks */,
				D52D5CC518FE34C700B8C6B8 /* UIKit.framework in Frameworks */,
				D52D5CC418FE34C700B8C6B8 /* Foundation.framework in Frameworks */,
			);
			runOnlyForDeploymentPostprocessing = 0;
		};
/* End PBXFrameworksBuildPhase section */

/* Begin PBXGroup section */
		D5083B981900C3C2001083E0 /* Reachability */ = {
			isa = PBXGroup;
			children = (
				D5083B991900C3C2001083E0 /* Reachability.h */,
				D5083B9A1900C3C2001083E0 /* Reachability.m */,
			);
			path = Reachability;
			sourceTree = "<group>";
		};
		D52D5C9718FE34C700B8C6B8 = {
			isa = PBXGroup;
			children = (
				D52D5CA918FE34C700B8C6B8 /* YLSY */,
				D52D5CC818FE34C700B8C6B8 /* YLSYTests */,
				D52D5CA218FE34C700B8C6B8 /* Frameworks */,
				D52D5CA118FE34C700B8C6B8 /* Products */,
			);
			sourceTree = "<group>";
		};
		D52D5CA118FE34C700B8C6B8 /* Products */ = {
			isa = PBXGroup;
			children = (
				D52D5CA018FE34C700B8C6B8 /* YLSY.app */,
				D52D5CC118FE34C700B8C6B8 /* YLSYTests.xctest */,
			);
			name = Products;
			sourceTree = "<group>";
		};
		D52D5CA218FE34C700B8C6B8 /* Frameworks */ = {
			isa = PBXGroup;
			children = (
				D565F24918FE8FD1009710AF /* libsqlite3.0.dylib */,
				D565F24718FE8FBF009710AF /* libxml2.2.dylib */,
				D59DAEC818FE8F2300B06DD8 /* libz.1.2.5.dylib */,
				D59DAEC618FE8EE800B06DD8 /* AudioToolbox.framework */,
				D52D5D0818FE5EFC00B8C6B8 /* CoreData.framework */,
				D52D5D0618FE5EF100B8C6B8 /* SystemConfiguration.framework */,
				D52D5D0418FE5ED700B8C6B8 /* libz.dylib */,
				D52D5D0218FE5EB800B8C6B8 /* AdSupport.framework */,
				D52D5D0018FE5E8D00B8C6B8 /* libGoogleAnalyticsServices.a */,
				D52D5CA318FE34C700B8C6B8 /* Foundation.framework */,
				D52D5CA518FE34C700B8C6B8 /* CoreGraphics.framework */,
				D52D5CA718FE34C700B8C6B8 /* UIKit.framework */,
				D52D5CC218FE34C700B8C6B8 /* XCTest.framework */,
			);
			name = Frameworks;
			sourceTree = "<group>";
		};
		D52D5CA918FE34C700B8C6B8 /* YLSY */ = {
			isa = PBXGroup;
			children = (
				D5E1C3441904D2170019E05B /* xibs */,
				D52D5D8618FE683B00B8C6B8 /* images */,
				D52D5CD818FE5A8600B8C6B8 /* libs */,
				D52D5CB218FE34C700B8C6B8 /* AppDelegate.h */,
				D52D5CB318FE34C700B8C6B8 /* AppDelegate.m */,
				D52D5CB518FE34C700B8C6B8 /* Main.storyboard */,
				D52D5CB818FE34C700B8C6B8 /* ViewController.h */,
				D52D5CB918FE34C700B8C6B8 /* ViewController.m */,
				D52D5CBB18FE34C700B8C6B8 /* Images.xcassets */,
				D52D5CAA18FE34C700B8C6B8 /* Supporting Files */,
				D52D5DB518FE6F8300B8C6B8 /* SplashViewController.h */,
				D52D5DB618FE6F8300B8C6B8 /* SplashViewController.m */,
			);
			path = YLSY;
			sourceTree = "<group>";
		};
		D52D5CAA18FE34C700B8C6B8 /* Supporting Files */ = {
			isa = PBXGroup;
			children = (
				D5E1C33F1904CC660019E05B /* Localizable.strings */,
				D52D5CAB18FE34C700B8C6B8 /* YLSY-Info.plist */,
				D52D5CAC18FE34C700B8C6B8 /* InfoPlist.strings */,
				D52D5CAF18FE34C700B8C6B8 /* main.m */,
				D52D5CB118FE34C700B8C6B8 /* YLSY-Prefix.pch */,
			);
			name = "Supporting Files";
			sourceTree = "<group>";
		};
		D52D5CC818FE34C700B8C6B8 /* YLSYTests */ = {
			isa = PBXGroup;
			children = (
				D52D5CCE18FE34C700B8C6B8 /* YLSYTests.m */,
				D52D5CC918FE34C700B8C6B8 /* Supporting Files */,
			);
			path = YLSYTests;
			sourceTree = "<group>";
		};
		D52D5CC918FE34C700B8C6B8 /* Supporting Files */ = {
			isa = PBXGroup;
			children = (
				D52D5CCA18FE34C700B8C6B8 /* YLSYTests-Info.plist */,
				D52D5CCB18FE34C700B8C6B8 /* InfoPlist.strings */,
			);
			name = "Supporting Files";
			sourceTree = "<group>";
		};
		D52D5CD818FE5A8600B8C6B8 /* libs */ = {
			isa = PBXGroup;
			children = (
				D5083B981900C3C2001083E0 /* Reachability */,
				D530679F18FE9244003D84ED /* ZipArchive */,
				D52D5CD918FE5A8600B8C6B8 /* AFNetworking */,
				D52D5CDA18FE5A8600B8C6B8 /* FMDB */,
				D52D5CDC18FE5A8600B8C6B8 /* googleAnalytics */,
				D52D5CDD18FE5A8600B8C6B8 /* jsonModel */,
			);
			path = libs;
			sourceTree = "<group>";
		};
		D52D5CD918FE5A8600B8C6B8 /* AFNetworking */ = {
			isa = PBXGroup;
			children = (
				D52D5CDE18FE5AA100B8C6B8 /* AFHTTPRequestOperation.h */,
				D52D5CDF18FE5AA100B8C6B8 /* AFHTTPRequestOperation.m */,
				D52D5CE018FE5AA100B8C6B8 /* AFHTTPRequestOperationManager.h */,
				D52D5CE118FE5AA100B8C6B8 /* AFHTTPRequestOperationManager.m */,
				D52D5CE218FE5AA100B8C6B8 /* AFHTTPSessionManager.h */,
				D52D5CE318FE5AA100B8C6B8 /* AFHTTPSessionManager.m */,
				D52D5CE418FE5AA100B8C6B8 /* AFNetworking.h */,
				D52D5CE518FE5AA100B8C6B8 /* AFNetworkReachabilityManager.h */,
				D52D5CE618FE5AA100B8C6B8 /* AFNetworkReachabilityManager.m */,
				D52D5CE718FE5AA100B8C6B8 /* AFSecurityPolicy.h */,
				D52D5CE818FE5AA100B8C6B8 /* AFSecurityPolicy.m */,
				D52D5CE918FE5AA100B8C6B8 /* AFURLConnectionOperation.h */,
				D52D5CEA18FE5AA100B8C6B8 /* AFURLConnectionOperation.m */,
				D52D5CEB18FE5AA100B8C6B8 /* AFURLRequestSerialization.h */,
				D52D5CEC18FE5AA100B8C6B8 /* AFURLRequestSerialization.m */,
				D52D5CED18FE5AA100B8C6B8 /* AFURLResponseSerialization.h */,
				D52D5CEE18FE5AA100B8C6B8 /* AFURLResponseSerialization.m */,
				D52D5CEF18FE5AA100B8C6B8 /* AFURLSessionManager.h */,
				D52D5CF018FE5AA100B8C6B8 /* AFURLSessionManager.m */,
			);
			path = AFNetworking;
			sourceTree = "<group>";
		};
		D52D5CDA18FE5A8600B8C6B8 /* FMDB */ = {
			isa = PBXGroup;
			children = (
				D52D5D0A18FE615300B8C6B8 /* FMDatabase.h */,
				D52D5D0B18FE615300B8C6B8 /* FMDatabase.m */,
				D52D5D0C18FE615300B8C6B8 /* FMDatabaseAdditions.h */,
				D52D5D0D18FE615300B8C6B8 /* FMDatabaseAdditions.m */,
				D52D5D0E18FE615300B8C6B8 /* FMDatabasePool.h */,
				D52D5D0F18FE615300B8C6B8 /* FMDatabasePool.m */,
				D52D5D1018FE615300B8C6B8 /* FMDatabaseQueue.h */,
				D52D5D1118FE615300B8C6B8 /* FMDatabaseQueue.m */,
				D52D5D1218FE615300B8C6B8 /* FMDB.h */,
				D52D5D1318FE615300B8C6B8 /* FMResultSet.h */,
				D52D5D1418FE615300B8C6B8 /* FMResultSet.m */,
			);
			path = FMDB;
			sourceTree = "<group>";
		};
		D52D5CDC18FE5A8600B8C6B8 /* googleAnalytics */ = {
			isa = PBXGroup;
			children = (
				D52D5CFA18FE5E4D00B8C6B8 /* GAI.h */,
				D52D5CFB18FE5E4D00B8C6B8 /* GAIDictionaryBuilder.h */,
				D52D5CFC18FE5E4D00B8C6B8 /* GAIFields.h */,
				D52D5CFD18FE5E4D00B8C6B8 /* GAILogger.h */,
				D52D5CFE18FE5E4D00B8C6B8 /* GAITrackedViewController.h */,
				D52D5CFF18FE5E4D00B8C6B8 /* GAITracker.h */,
			);
			path = googleAnalytics;
			sourceTree = "<group>";
		};
		D52D5CDD18FE5A8600B8C6B8 /* jsonModel */ = {
			isa = PBXGroup;
			children = (
				D52D5D6018FE64E700B8C6B8 /* JSONModel */,
				D52D5D6B18FE64E700B8C6B8 /* JSONModelCategories */,
				D52D5D6E18FE64E700B8C6B8 /* JSONModelLib.h */,
				D52D5D6F18FE64E700B8C6B8 /* JSONModelNetworking */,
				D52D5D7618FE64E700B8C6B8 /* JSONModelTransformations */,
			);
			path = jsonModel;
			sourceTree = "<group>";
		};
		D52D5D6018FE64E700B8C6B8 /* JSONModel */ = {
			isa = PBXGroup;
			children = (
				D52D5D6118FE64E700B8C6B8 /* JSONModel+CoreData.h */,
				D52D5D6218FE64E700B8C6B8 /* JSONModel+CoreData.m */,
				D52D5D6318FE64E700B8C6B8 /* JSONModel.h */,
				D52D5D6418FE64E700B8C6B8 /* JSONModel.m */,
				D52D5D6518FE64E700B8C6B8 /* JSONModelArray.h */,
				D52D5D6618FE64E700B8C6B8 /* JSONModelArray.m */,
				D52D5D6718FE64E700B8C6B8 /* JSONModelClassProperty.h */,
				D52D5D6818FE64E700B8C6B8 /* JSONModelClassProperty.m */,
				D52D5D6918FE64E700B8C6B8 /* JSONModelError.h */,
				D52D5D6A18FE64E700B8C6B8 /* JSONModelError.m */,
			);
			path = JSONModel;
			sourceTree = "<group>";
		};
		D52D5D6B18FE64E700B8C6B8 /* JSONModelCategories */ = {
			isa = PBXGroup;
			children = (
				D52D5D6C18FE64E700B8C6B8 /* NSArray+JSONModel.h */,
				D52D5D6D18FE64E700B8C6B8 /* NSArray+JSONModel.m */,
			);
			path = JSONModelCategories;
			sourceTree = "<group>";
		};
		D52D5D6F18FE64E700B8C6B8 /* JSONModelNetworking */ = {
			isa = PBXGroup;
			children = (
				D52D5D7018FE64E700B8C6B8 /* JSONAPI.h */,
				D52D5D7118FE64E700B8C6B8 /* JSONAPI.m */,
				D52D5D7218FE64E700B8C6B8 /* JSONHTTPClient.h */,
				D52D5D7318FE64E700B8C6B8 /* JSONHTTPClient.m */,
				D52D5D7418FE64E700B8C6B8 /* JSONModel+networking.h */,
				D52D5D7518FE64E700B8C6B8 /* JSONModel+networking.m */,
			);
			path = JSONModelNetworking;
			sourceTree = "<group>";
		};
		D52D5D7618FE64E700B8C6B8 /* JSONModelTransformations */ = {
			isa = PBXGroup;
			children = (
				D52D5D7718FE64E700B8C6B8 /* JSONKeyMapper.h */,
				D52D5D7818FE64E700B8C6B8 /* JSONKeyMapper.m */,
				D52D5D7918FE64E700B8C6B8 /* JSONValueTransformer.h */,
				D52D5D7A18FE64E700B8C6B8 /* JSONValueTransformer.m */,
			);
			path = JSONModelTransformations;
			sourceTree = "<group>";
		};
		D52D5D8618FE683B00B8C6B8 /* images */ = {
			isa = PBXGroup;
			children = (
				D52D5DB818FE7E7A00B8C6B8 /* history.jpg */,
				D52D5DB918FE7E7A00B8C6B8 /* humanity.jpg */,
				D52D5DBA18FE7E7A00B8C6B8 /* topbackground.jpg */,
				D52D5D8718FE689C00B8C6B8 /* 1historybackground.jpg */,
				D52D5D8818FE689C00B8C6B8 /* artifacts.jpg */,
				D52D5D8918FE689C00B8C6B8 /* historybackground.jpg */,
				D52D5D8A18FE689C00B8C6B8 /* humanitybackground.jpg */,
				D52D5D8B18FE689C00B8C6B8 /* landscapes.jpg */,
				D52D5D8C18FE689C00B8C6B8 /* pic1.png */,
				D52D5D8D18FE689C00B8C6B8 /* pic2.png */,
				D52D5D8E18FE689C00B8C6B8 /* pic3.png */,
				D52D5D8F18FE689C00B8C6B8 /* pic4.png */,
				D52D5D9018FE689C00B8C6B8 /* pic5.png */,
				D52D5D9118FE689C00B8C6B8 /* pic6.png */,
				D52D5D9218FE689C00B8C6B8 /* pic7.png */,
				D52D5D9318FE689C00B8C6B8 /* pic8.png */,
				D52D5D9418FE689C00B8C6B8 /* pic9.png */,
				D52D5D9518FE689C00B8C6B8 /* pic10.png */,
				D52D5D9618FE689C00B8C6B8 /* pic11.png */,
				D52D5D9718FE689C00B8C6B8 /* pic12.png */,
				D52D5D9818FE689C00B8C6B8 /* pic13.png */,
				D52D5D9918FE689C00B8C6B8 /* pic14.png */,
				D52D5D9A18FE689C00B8C6B8 /* pic16.png */,
				D52D5D9B18FE689C00B8C6B8 /* pic17.png */,
				D52D5D9C18FE689C00B8C6B8 /* pic18.png */,
			);
			path = images;
			sourceTree = "<group>";
		};
		D530679F18FE9244003D84ED /* ZipArchive */ = {
			isa = PBXGroup;
			children = (
				D53067A018FE9263003D84ED /* minizip */,
				D53067AA18FE9263003D84ED /* ZipArchive.h */,
				D53067AB18FE9263003D84ED /* ZipArchive.m */,
			);
			path = ZipArchive;
			sourceTree = "<group>";
		};
		D53067A018FE9263003D84ED /* minizip */ = {
			isa = PBXGroup;
			children = (
				D53067A118FE9263003D84ED /* crypt.h */,
				D53067A218FE9263003D84ED /* ioapi.c */,
				D53067A318FE9263003D84ED /* ioapi.h */,
				D53067A418FE9263003D84ED /* mztools.c */,
				D53067A518FE9263003D84ED /* mztools.h */,
				D53067A618FE9263003D84ED /* unzip.c */,
				D53067A718FE9263003D84ED /* unzip.h */,
				D53067A818FE9263003D84ED /* zip.c */,
				D53067A918FE9263003D84ED /* zip.h */,
			);
			path = minizip;
			sourceTree = "<group>";
		};
		D5E1C3441904D2170019E05B /* xibs */ = {
			isa = PBXGroup;
			children = (
				D5E1C3471904D2D50019E05B /* History.xib */,
				D5E1C3491904D6180019E05B /* Landscape.xib */,
				D5E1C34B1904D6290019E05B /* Humanity.xib */,
				D5E1C34D1904D6370019E05B /* Story.xib */,
			);
			path = xibs;
			sourceTree = "<group>";
		};
/* End PBXGroup section */

/* Begin PBXNativeTarget section */
		D52D5C9F18FE34C700B8C6B8 /* YLSY */ = {
			isa = PBXNativeTarget;
			buildConfigurationList = D52D5CD218FE34C700B8C6B8 /* Build configuration list for PBXNativeTarget "YLSY" */;
			buildPhases = (
				D52D5C9C18FE34C700B8C6B8 /* Sources */,
				D52D5C9D18FE34C700B8C6B8 /* Frameworks */,
				D52D5C9E18FE34C700B8C6B8 /* Resources */,
			);
			buildRules = (
			);
			dependencies = (
			);
			name = YLSY;
			productName = YLSY;
			productReference = D52D5CA018FE34C700B8C6B8 /* YLSY.app */;
			productType = "com.apple.product-type.application";
		};
		D52D5CC018FE34C700B8C6B8 /* YLSYTests */ = {
			isa = PBXNativeTarget;
			buildConfigurationList = D52D5CD518FE34C700B8C6B8 /* Build configuration list for PBXNativeTarget "YLSYTests" */;
			buildPhases = (
				D52D5CBD18FE34C700B8C6B8 /* Sources */,
				D52D5CBE18FE34C700B8C6B8 /* Frameworks */,
				D52D5CBF18FE34C700B8C6B8 /* Resources */,
			);
			buildRules = (
			);
			dependencies = (
				D52D5CC718FE34C700B8C6B8 /* PBXTargetDependency */,
			);
			name = YLSYTests;
			productName = YLSYTests;
			productReference = D52D5CC118FE34C700B8C6B8 /* YLSYTests.xctest */;
			productType = "com.apple.product-type.bundle.unit-test";
		};
/* End PBXNativeTarget section */

/* Begin PBXProject section */
		D52D5C9818FE34C700B8C6B8 /* Project object */ = {
			isa = PBXProject;
			attributes = {
				LastUpgradeCheck = 0510;
				ORGANIZATIONNAME = "中意工业设计（湖南）有限责任公司";
				TargetAttributes = {
					D52D5C9F18FE34C700B8C6B8 = {
						DevelopmentTeam = FNB4FR5EG6;
					};
					D52D5CC018FE34C700B8C6B8 = {
						TestTargetID = D52D5C9F18FE34C700B8C6B8;
					};
				};
			};
			buildConfigurationList = D52D5C9B18FE34C700B8C6B8 /* Build configuration list for PBXProject "YLSY" */;
			compatibilityVersion = "Xcode 3.2";
			developmentRegion = English;
			hasScannedForEncodings = 0;
			knownRegions = (
				en,
				Base,
				"zh-Hans",
			);
			mainGroup = D52D5C9718FE34C700B8C6B8;
			productRefGroup = D52D5CA118FE34C700B8C6B8 /* Products */;
			projectDirPath = "";
			projectRoot = "";
			targets = (
				D52D5C9F18FE34C700B8C6B8 /* YLSY */,
				D52D5CC018FE34C700B8C6B8 /* YLSYTests */,
			);
		};
/* End PBXProject section */

/* Begin PBXResourcesBuildPhase section */
		D52D5C9E18FE34C700B8C6B8 /* Resources */ = {
			isa = PBXResourcesBuildPhase;
			buildActionMask = 2147483647;
			files = (
				D52D5D9E18FE689C00B8C6B8 /* 1historybackground.jpg in Resources */,
				D52D5DAF18FE689C00B8C6B8 /* pic13.png in Resources */,
				D52D5DAB18FE689C00B8C6B8 /* pic9.png in Resources */,
				D52D5DA018FE689C00B8C6B8 /* historybackground.jpg in Resources */,
				D52D5D9F18FE689C00B8C6B8 /* artifacts.jpg in Resources */,
				D52D5DAC18FE689C00B8C6B8 /* pic10.png in Resources */,
				D5E1C3481904D2D50019E05B /* History.xib in Resources */,
				D52D5DBC18FE7E7A00B8C6B8 /* humanity.jpg in Resources */,
				D5E1C34A1904D6180019E05B /* Landscape.xib in Resources */,
				D52D5DB018FE689C00B8C6B8 /* pic14.png in Resources */,
				D52D5DA318FE689C00B8C6B8 /* pic1.png in Resources */,
				D5E1C34E1904D6370019E05B /* Story.xib in Resources */,
				D52D5CBC18FE34C700B8C6B8 /* Images.xcassets in Resources */,
				D5E1C34C1904D6290019E05B /* Humanity.xib in Resources */,
				D52D5DA218FE689C00B8C6B8 /* landscapes.jpg in Resources */,
				D52D5DBD18FE7E7A00B8C6B8 /* topbackground.jpg in Resources */,
				D52D5DAE18FE689C00B8C6B8 /* pic12.png in Resources */,
				D52D5DAD18FE689C00B8C6B8 /* pic11.png in Resources */,
				D52D5DA418FE689C00B8C6B8 /* pic2.png in Resources */,
				D52D5CAE18FE34C700B8C6B8 /* InfoPlist.strings in Resources */,
				D52D5DB318FE689C00B8C6B8 /* pic18.png in Resources */,
				D52D5DAA18FE689C00B8C6B8 /* pic8.png in Resources */,
				D52D5DA818FE689C00B8C6B8 /* pic6.png in Resources */,
				D52D5DA918FE689C00B8C6B8 /* pic7.png in Resources */,
				D52D5DA618FE689C00B8C6B8 /* pic4.png in Resources */,
				D52D5DA518FE689C00B8C6B8 /* pic3.png in Resources */,
				D5E1C33D1904CC660019E05B /* Localizable.strings in Resources */,
				D52D5DA118FE689C00B8C6B8 /* humanitybackground.jpg in Resources */,
				D52D5DB118FE689C00B8C6B8 /* pic16.png in Resources */,
				D52D5DB218FE689C00B8C6B8 /* pic17.png in Resources */,
				D52D5DBB18FE7E7A00B8C6B8 /* history.jpg in Resources */,
				D52D5CB718FE34C700B8C6B8 /* Main.storyboard in Resources */,
				D52D5DA718FE689C00B8C6B8 /* pic5.png in Resources */,
			);
			runOnlyForDeploymentPostprocessing = 0;
		};
		D52D5CBF18FE34C700B8C6B8 /* Resources */ = {
			isa = PBXResourcesBuildPhase;
			buildActionMask = 2147483647;
			files = (
				D52D5CCD18FE34C700B8C6B8 /* InfoPlist.strings in Resources */,
			);
			runOnlyForDeploymentPostprocessing = 0;
		};
/* End PBXResourcesBuildPhase section */

/* Begin PBXSourcesBuildPhase section */
		D52D5C9C18FE34C700B8C6B8 /* Sources */ = {
			isa = PBXSourcesBuildPhase;
			buildActionMask = 2147483647;
			files = (
				D53067AF18FE9263003D84ED /* zip.c in Sources */,
				D52D5D7B18FE64E700B8C6B8 /* JSONModel+CoreData.m in Sources */,
				D52D5CF118FE5AA100B8C6B8 /* AFHTTPRequestOperation.m in Sources */,
				D52D5D8418FE64E700B8C6B8 /* JSONKeyMapper.m in Sources */,
				D52D5CBA18FE34C700B8C6B8 /* ViewController.m in Sources */,
				D52D5D1518FE615300B8C6B8 /* FMDatabase.m in Sources */,
				D52D5DB718FE6F8300B8C6B8 /* SplashViewController.m in Sources */,
				D52D5CF218FE5AA100B8C6B8 /* AFHTTPRequestOperationManager.m in Sources */,
				D52D5CF418FE5AA100B8C6B8 /* AFNetworkReachabilityManager.m in Sources */,
				D52D5D8218FE64E700B8C6B8 /* JSONHTTPClient.m in Sources */,
				D52D5D8518FE64E700B8C6B8 /* JSONValueTransformer.m in Sources */,
				D52D5D1618FE615300B8C6B8 /* FMDatabaseAdditions.m in Sources */,
				D52D5CF818FE5AA100B8C6B8 /* AFURLResponseSerialization.m in Sources */,
				D52D5D8018FE64E700B8C6B8 /* NSArray+JSONModel.m in Sources */,
				D52D5D7D18FE64E700B8C6B8 /* JSONModelArray.m in Sources */,
				D53067AE18FE9263003D84ED /* unzip.c in Sources */,
				D52D5D1718FE615300B8C6B8 /* FMDatabasePool.m in Sources */,
				D52D5CF618FE5AA100B8C6B8 /* AFURLConnectionOperation.m in Sources */,
				D52D5D1818FE615300B8C6B8 /* FMDatabaseQueue.m in Sources */,
				D52D5D8318FE64E700B8C6B8 /* JSONModel+networking.m in Sources */,
				D52D5CF518FE5AA100B8C6B8 /* AFSecurityPolicy.m in Sources */,
				D52D5D7F18FE64E700B8C6B8 /* JSONModelError.m in Sources */,
				D53067B018FE9263003D84ED /* ZipArchive.m in Sources */,
				D52D5CF318FE5AA100B8C6B8 /* AFHTTPSessionManager.m in Sources */,
				D5083B9B1900C3C2001083E0 /* Reachability.m in Sources */,
				D52D5CF718FE5AA100B8C6B8 /* AFURLRequestSerialization.m in Sources */,
				D52D5D7E18FE64E700B8C6B8 /* JSONModelClassProperty.m in Sources */,
				D52D5D8118FE64E700B8C6B8 /* JSONAPI.m in Sources */,
				D53067AC18FE9263003D84ED /* ioapi.c in Sources */,
				D52D5D1918FE615300B8C6B8 /* FMResultSet.m in Sources */,
				D52D5CF918FE5AA100B8C6B8 /* AFURLSessionManager.m in Sources */,
				D52D5CB418FE34C700B8C6B8 /* AppDelegate.m in Sources */,
				D52D5D7C18FE64E700B8C6B8 /* JSONModel.m in Sources */,
				D52D5CB018FE34C700B8C6B8 /* main.m in Sources */,
				D53067AD18FE9263003D84ED /* mztools.c in Sources */,
			);
			runOnlyForDeploymentPostprocessing = 0;
		};
		D52D5CBD18FE34C700B8C6B8 /* Sources */ = {
			isa = PBXSourcesBuildPhase;
			buildActionMask = 2147483647;
			files = (
				D52D5CCF18FE34C700B8C6B8 /* YLSYTests.m in Sources */,
			);
			runOnlyForDeploymentPostprocessing = 0;
		};
/* End PBXSourcesBuildPhase section */

/* Begin PBXTargetDependency section */
		D52D5CC718FE34C700B8C6B8 /* PBXTargetDependency */ = {
			isa = PBXTargetDependency;
			target = D52D5C9F18FE34C700B8C6B8 /* YLSY */;
			targetProxy = D52D5CC618FE34C700B8C6B8 /* PBXContainerItemProxy */;
		};
/* End PBXTargetDependency section */

/* Begin PBXVariantGroup section */
		D52D5CAC18FE34C700B8C6B8 /* InfoPlist.strings */ = {
			isa = PBXVariantGroup;
			children = (
				D52D5CAD18FE34C700B8C6B8 /* en */,
				D5E1C33A1904BF2A0019E05B /* zh-Hans */,
			);
			name = InfoPlist.strings;
			sourceTree = "<group>";
		};
		D52D5CB518FE34C700B8C6B8 /* Main.storyboard */ = {
			isa = PBXVariantGroup;
			children = (
				D52D5CB618FE34C700B8C6B8 /* Base */,
			);
			name = Main.storyboard;
			sourceTree = "<group>";
		};
		D52D5CCB18FE34C700B8C6B8 /* InfoPlist.strings */ = {
			isa = PBXVariantGroup;
			children = (
				D52D5CCC18FE34C700B8C6B8 /* en */,
			);
			name = InfoPlist.strings;
			sourceTree = "<group>";
		};
		D5E1C33F1904CC660019E05B /* Localizable.strings */ = {
			isa = PBXVariantGroup;
			children = (
				D5E1C33E1904CC660019E05B /* zh-Hans */,
				D5E1C3401904CC6D0019E05B /* en */,
			);
			name = Localizable.strings;
			path = ..;
			sourceTree = "<group>";
		};
/* End PBXVariantGroup section */

/* Begin XCBuildConfiguration section */
		D52D5CD018FE34C700B8C6B8 /* Debug */ = {
			isa = XCBuildConfiguration;
			buildSettings = {
				ALWAYS_SEARCH_USER_PATHS = NO;
				CLANG_CXX_LANGUAGE_STANDARD = "gnu++0x";
				CLANG_CXX_LIBRARY = "libc++";
				CLANG_ENABLE_MODULES = YES;
				CLANG_ENABLE_OBJC_ARC = YES;
				CLANG_WARN_BOOL_CONVERSION = YES;
				CLANG_WARN_CONSTANT_CONVERSION = YES;
				CLANG_WARN_DIRECT_OBJC_ISA_USAGE = YES_ERROR;
				CLANG_WARN_EMPTY_BODY = YES;
				CLANG_WARN_ENUM_CONVERSION = YES;
				CLANG_WARN_INT_CONVERSION = YES;
				CLANG_WARN_OBJC_ROOT_CLASS = YES_ERROR;
				CLANG_WARN__DUPLICATE_METHOD_MATCH = YES;
				"CODE_SIGN_IDENTITY[sdk=iphoneos*]" = "iPhone Developer";
				COPY_PHASE_STRIP = NO;
				GCC_C_LANGUAGE_STANDARD = gnu99;
				GCC_DYNAMIC_NO_PIC = NO;
				GCC_OPTIMIZATION_LEVEL = 0;
				GCC_PREPROCESSOR_DEFINITIONS = (
					"DEBUG=1",
					"$(inherited)",
				);
				GCC_SYMBOLS_PRIVATE_EXTERN = NO;
				GCC_WARN_64_TO_32_BIT_CONVERSION = YES;
				GCC_WARN_ABOUT_RETURN_TYPE = YES_ERROR;
				GCC_WARN_UNDECLARED_SELECTOR = YES;
				GCC_WARN_UNINITIALIZED_AUTOS = YES_AGGRESSIVE;
				GCC_WARN_UNUSED_FUNCTION = YES;
				GCC_WARN_UNUSED_VARIABLE = YES;
				IPHONEOS_DEPLOYMENT_TARGET = 7.1;
				ONLY_ACTIVE_ARCH = YES;
				SDKROOT = iphoneos;
				TARGETED_DEVICE_FAMILY = 2;
			};
			name = Debug;
		};
		D52D5CD118FE34C700B8C6B8 /* Release */ = {
			isa = XCBuildConfiguration;
			buildSettings = {
				ALWAYS_SEARCH_USER_PATHS = NO;
				CLANG_CXX_LANGUAGE_STANDARD = "gnu++0x";
				CLANG_CXX_LIBRARY = "libc++";
				CLANG_ENABLE_MODULES = YES;
				CLANG_ENABLE_OBJC_ARC = YES;
				CLANG_WARN_BOOL_CONVERSION = YES;
				CLANG_WARN_CONSTANT_CONVERSION = YES;
				CLANG_WARN_DIRECT_OBJC_ISA_USAGE = YES_ERROR;
				CLANG_WARN_EMPTY_BODY = YES;
				CLANG_WARN_ENUM_CONVERSION = YES;
				CLANG_WARN_INT_CONVERSION = YES;
				CLANG_WARN_OBJC_ROOT_CLASS = YES_ERROR;
				CLANG_WARN__DUPLICATE_METHOD_MATCH = YES;
				"CODE_SIGN_IDENTITY[sdk=iphoneos*]" = "iPhone Developer";
				COPY_PHASE_STRIP = YES;
				ENABLE_NS_ASSERTIONS = NO;
				GCC_C_LANGUAGE_STANDARD = gnu99;
				GCC_WARN_64_TO_32_BIT_CONVERSION = YES;
				GCC_WARN_ABOUT_RETURN_TYPE = YES_ERROR;
				GCC_WARN_UNDECLARED_SELECTOR = YES;
				GCC_WARN_UNINITIALIZED_AUTOS = YES_AGGRESSIVE;
				GCC_WARN_UNUSED_FUNCTION = YES;
				GCC_WARN_UNUSED_VARIABLE = YES;
				IPHONEOS_DEPLOYMENT_TARGET = 7.1;
				SDKROOT = iphoneos;
				TARGETED_DEVICE_FAMILY = 2;
				VALIDATE_PRODUCT = YES;
			};
			name = Release;
		};
		D52D5CD318FE34C700B8C6B8 /* Debug */ = {
			isa = XCBuildConfiguration;
			buildSettings = {
				ASSETCATALOG_COMPILER_APPICON_NAME = AppIcon;
				ASSETCATALOG_COMPILER_LAUNCHIMAGE_NAME = LaunchImage;
				GCC_PRECOMPILE_PREFIX_HEADER = YES;
				GCC_PREFIX_HEADER = "YLSY/YLSY-Prefix.pch";
				INFOPLIST_FILE = "YLSY/YLSY-Info.plist";
				IPHONEOS_DEPLOYMENT_TARGET = 7.0;
				LIBRARY_SEARCH_PATHS = (
					"$(inherited)",
					"/Volumes/MAC_DATA/第三方组件/GoogleAnalyticsServicesiOS_3.06",
				);
				PRODUCT_NAME = "$(TARGET_NAME)";
				WRAPPER_EXTENSION = app;
			};
			name = Debug;
		};
		D52D5CD418FE34C700B8C6B8 /* Release */ = {
			isa = XCBuildConfiguration;
			buildSettings = {
				ASSETCATALOG_COMPILER_APPICON_NAME = AppIcon;
				ASSETCATALOG_COMPILER_LAUNCHIMAGE_NAME = LaunchImage;
				GCC_PRECOMPILE_PREFIX_HEADER = YES;
				GCC_PREFIX_HEADER = "YLSY/YLSY-Prefix.pch";
				INFOPLIST_FILE = "YLSY/YLSY-Info.plist";
				IPHONEOS_DEPLOYMENT_TARGET = 7.0;
				LIBRARY_SEARCH_PATHS = (
					"$(inherited)",
					"/Volumes/MAC_DATA/第三方组件/GoogleAnalyticsServicesiOS_3.06",
				);
				PRODUCT_NAME = "$(TARGET_NAME)";
				WRAPPER_EXTENSION = app;
			};
			name = Release;
		};
		D52D5CD618FE34C700B8C6B8 /* Debug */ = {
			isa = XCBuildConfiguration;
			buildSettings = {
				BUNDLE_LOADER = "$(BUILT_PRODUCTS_DIR)/YLSY.app/YLSY";
				FRAMEWORK_SEARCH_PATHS = (
					"$(SDKROOT)/Developer/Library/Frameworks",
					"$(inherited)",
					"$(DEVELOPER_FRAMEWORKS_DIR)",
				);
				GCC_PRECOMPILE_PREFIX_HEADER = YES;
				GCC_PREFIX_HEADER = "YLSY/YLSY-Prefix.pch";
				GCC_PREPROCESSOR_DEFINITIONS = (
					"DEBUG=1",
					"$(inherited)",
				);
				INFOPLIST_FILE = "YLSYTests/YLSYTests-Info.plist";
				PRODUCT_NAME = "$(TARGET_NAME)";
				TEST_HOST = "$(BUNDLE_LOADER)";
				WRAPPER_EXTENSION = xctest;
			};
			name = Debug;
		};
		D52D5CD718FE34C700B8C6B8 /* Release */ = {
			isa = XCBuildConfiguration;
			buildSettings = {
				BUNDLE_LOADER = "$(BUILT_PRODUCTS_DIR)/YLSY.app/YLSY";
				FRAMEWORK_SEARCH_PATHS = (
					"$(SDKROOT)/Developer/Library/Frameworks",
					"$(inherited)",
					"$(DEVELOPER_FRAMEWORKS_DIR)",
				);
				GCC_PRECOMPILE_PREFIX_HEADER = YES;
				GCC_PREFIX_HEADER = "YLSY/YLSY-Prefix.pch";
				INFOPLIST_FILE = "YLSYTests/YLSYTests-Info.plist";
				PRODUCT_NAME = "$(TARGET_NAME)";
				TEST_HOST = "$(BUNDLE_LOADER)";
				WRAPPER_EXTENSION = xctest;
			};
			name = Release;
		};
/* End XCBuildConfiguration section */

/* Begin XCConfigurationList section */
		D52D5C9B18FE34C700B8C6B8 /* Build configuration list for PBXProject "YLSY" */ = {
			isa = XCConfigurationList;
			buildConfigurations = (
				D52D5CD018FE34C700B8C6B8 /* Debug */,
				D52D5CD118FE34C700B8C6B8 /* Release */,
			);
			defaultConfigurationIsVisible = 0;
			defaultConfigurationName = Release;
		};
		D52D5CD218FE34C700B8C6B8 /* Build configuration list for PBXNativeTarget "YLSY" */ = {
			isa = XCConfigurationList;
			buildConfigurations = (
				D52D5CD318FE34C700B8C6B8 /* Debug */,
				D52D5CD418FE34C700B8C6B8 /* Release */,
			);
			defaultConfigurationIsVisible = 0;
			defaultConfigurationName = Release;
		};
		D52D5CD518FE34C700B8C6B8 /* Build configuration list for PBXNativeTarget "YLSYTests" */ = {
			isa = XCConfigurationList;
			buildConfigurations = (
				D52D5CD618FE34C700B8C6B8 /* Debug */,
				D52D5CD718FE34C700B8C6B8 /* Release */,
			);
			defaultConfigurationIsVisible = 0;
			defaultConfigurationName = Release;
		};
/* End XCConfigurationList section */
	};
	rootObject = D52D5C9818FE34C700B8C6B8 /* Project object */;
}
